
Microsoft Visual Studio Solution File, Format Version 11.00
# Visual Studio 2010
Project("{2150E333-8FDC-42A3-9474-1A3956D46DE8}") = "Solution Items", "Solution Items", "{39A3B743-1EBD-4CC0-8E37-ACE3DD38B1C0}"
	ProjectSection(SolutionItems) = preProject
		readme.htm = readme.htm
	EndProjectSection
EndProject
Project("{FAE04EC0-301F-11D3-BF4B-00C04F79EFBC}") = "test", "test\test.csproj", "{E27B1B1E-19C0-45E8-AA74-B6E1C041A130}"
	ProjectSection(ProjectDependencies) = postProject
		{AC139952-261A-4463-B6FA-AEBC25284A66} = {AC139952-261A-4463-B6FA-AEBC25284A66}
		{10B51CE8-A838-44DE-BD82-B658F0296F80} = {10B51CE8-A838-44DE-BD82-B658F0296F80}
	EndProjectSection
EndProject
Project("{8BC9CEB8-8B4A-11D0-8D11-00A0C91BC942}") = "SQLite.Interop", "SQLite.Interop\SQLite.Interop.vcxproj", "{10B51CE8-A838-44DE-BD82-B658F0296F80}"
	ProjectSection(ProjectDependencies) = postProject
		{AC139952-261A-4463-B6FA-AEBC25284A66} = {AC139952-261A-4463-B6FA-AEBC25284A66}
	EndProjectSection
EndProject
Project("{FAE04EC0-301F-11D3-BF4B-00C04F79EFBC}") = "System.Data.SQLite - ManagedOnly", "System.Data.SQLite\System.Data.SQLite - ManagedOnly.csproj", "{AC139952-261A-4463-B6FA-AEBC25283A66}"
EndProject
Project("{FAE04EC0-301F-11D3-BF4B-00C04F79EFBC}") = "System.Data.SQLite.Linq", "System.Data.SQLite.Linq\System.Data.SQLite.Linq.csproj", "{E6BF9F74-58E2-413B-A7CE-EA653ECB728D}"
	ProjectSection(ProjectDependencies) = postProject
		{10B51CE8-A838-44DE-BD82-B658F0296F80} = {10B51CE8-A838-44DE-BD82-B658F0296F80}
	EndProjectSection
EndProject
Project("{FAE04EC0-301F-11D3-BF4B-00C04F79EFBC}") = "testlinq", "testlinq\testlinq.csproj", "{9D3CF7A6-092A-4B05-B0E4-BEF6944525B3}"
	ProjectSection(ProjectDependencies) = postProject
		{E6BF9F74-58E2-413B-A7CE-EA653ECB728D} = {E6BF9F74-58E2-413B-A7CE-EA653ECB728D}
	EndProjectSection
EndProject
Project("{FAE04EC0-301F-11D3-BF4B-00C04F79EFBC}") = "System.Data.SQLite - Netmodule", "System.Data.SQLite\System.Data.SQLite - Netmodule.csproj", "{AC139952-261A-4463-B6FA-AEBC25284A66}"
EndProject
Project("{8BC9CEB8-8B4A-11D0-8D11-00A0C91BC942}") = "setup", "tools\setup\exe\setup\setup.vcxproj", "{BA304689-521B-4E60-A4B7-09558602C1BC}"
	ProjectSection(ProjectDependencies) = postProject
		{71EED886-B5BF-488E-A4AA-1403E393D224} = {71EED886-B5BF-488E-A4AA-1403E393D224}
		{035234F8-0865-4845-8A33-3DA6B81A4187} = {035234F8-0865-4845-8A33-3DA6B81A4187}
	EndProjectSection
EndProject
Project("{54435603-DBB4-11D2-8724-00A0C9A8B90C}") = "sqlite_msi", "tools\setup\sqlite_setup.vdproj", "{035234F8-0865-4845-8A33-3DA6B81A4187}"
EndProject
Project("{FAE04EC0-301F-11D3-BF4B-00C04F79EFBC}") = "SQLite.Designer", "SQLite.Designer\SQLite.Designer.csproj", "{9B4A5CF6-5BE5-4926-ACC7-B729A8C05198}"
EndProject
Project("{FAE04EC0-301F-11D3-BF4B-00C04F79EFBC}") = "install", "tools\install\install.csproj", "{71EED886-B5BF-488E-A4AA-1403E393D224}"
EndProject
Global
	GlobalSection(SolutionConfigurationPlatforms) = preSolution
		Debug - Stock|Any CPU = Debug - Stock|Any CPU
		Debug - Stock|Mixed Platforms = Debug - Stock|Mixed Platforms
		Debug - Stock|Win32 = Debug - Stock|Win32
		Debug - Stock|x64 = Debug - Stock|x64
		Debug - Stock|x86 = Debug - Stock|x86
		Debug|Any CPU = Debug|Any CPU
		Debug|Mixed Platforms = Debug|Mixed Platforms
		Debug|Win32 = Debug|Win32
		Debug|x64 = Debug|x64
		Debug|x86 = Debug|x86
		Release - Stock|Any CPU = Release - Stock|Any CPU
		Release - Stock|Mixed Platforms = Release - Stock|Mixed Platforms
		Release - Stock|Win32 = Release - Stock|Win32
		Release - Stock|x64 = Release - Stock|x64
		Release - Stock|x86 = Release - Stock|x86
		Release|Any CPU = Release|Any CPU
		Release|Mixed Platforms = Release|Mixed Platforms
		Release|Win32 = Release|Win32
		Release|x64 = Release|x64
		Release|x86 = Release|x86
	EndGlobalSection
	GlobalSection(ProjectConfigurationPlatforms) = postSolution
		{E27B1B1E-19C0-45E8-AA74-B6E1C041A130}.Debug - Stock|Any CPU.ActiveCfg = Debug|Any CPU
		{E27B1B1E-19C0-45E8-AA74-B6E1C041A130}.Debug - Stock|Any CPU.Build.0 = Debug|Any CPU
		{E27B1B1E-19C0-45E8-AA74-B6E1C041A130}.Debug - Stock|Mixed Platforms.ActiveCfg = Debug|Any CPU
		{E27B1B1E-19C0-45E8-AA74-B6E1C041A130}.Debug - Stock|Mixed Platforms.Build.0 = Debug|Any CPU
		{E27B1B1E-19C0-45E8-AA74-B6E1C041A130}.Debug - Stock|Win32.ActiveCfg = Debug|Any CPU
		{E27B1B1E-19C0-45E8-AA74-B6E1C041A130}.Debug - Stock|Win32.Build.0 = Debug|Any CPU
		{E27B1B1E-19C0-45E8-AA74-B6E1C041A130}.Debug - Stock|x64.ActiveCfg = Debug|Any CPU
		{E27B1B1E-19C0-45E8-AA74-B6E1C041A130}.Debug - Stock|x64.Build.0 = Debug|Any CPU
		{E27B1B1E-19C0-45E8-AA74-B6E1C041A130}.Debug - Stock|x86.ActiveCfg = Debug|Any CPU
		{E27B1B1E-19C0-45E8-AA74-B6E1C041A130}.Debug - Stock|x86.Build.0 = Debug|Any CPU
		{E27B1B1E-19C0-45E8-AA74-B6E1C041A130}.Debug|Any CPU.ActiveCfg = Debug|Any CPU
		{E27B1B1E-19C0-45E8-AA74-B6E1C041A130}.Debug|Any CPU.Build.0 = Debug|Any CPU
		{E27B1B1E-19C0-45E8-AA74-B6E1C041A130}.Debug|Mixed Platforms.ActiveCfg = Debug|Any CPU
		{E27B1B1E-19C0-45E8-AA74-B6E1C041A130}.Debug|Mixed Platforms.Build.0 = Debug|Any CPU
		{E27B1B1E-19C0-45E8-AA74-B6E1C041A130}.Debug|Win32.ActiveCfg = Debug|Any CPU
		{E27B1B1E-19C0-45E8-AA74-B6E1C041A130}.Debug|Win32.Build.0 = Debug|Any CPU
		{E27B1B1E-19C0-45E8-AA74-B6E1C041A130}.Debug|x64.ActiveCfg = Debug|Any CPU
		{E27B1B1E-19C0-45E8-AA74-B6E1C041A130}.Debug|x64.Build.0 = Debug|Any CPU
		{E27B1B1E-19C0-45E8-AA74-B6E1C041A130}.Debug|x86.ActiveCfg = Debug|Any CPU
		{E27B1B1E-19C0-45E8-AA74-B6E1C041A130}.Debug|x86.Build.0 = Debug|Any CPU
		{E27B1B1E-19C0-45E8-AA74-B6E1C041A130}.Release - Stock|Any CPU.ActiveCfg = Release|Any CPU
		{E27B1B1E-19C0-45E8-AA74-B6E1C041A130}.Release - Stock|Any CPU.Build.0 = Release|Any CPU
		{E27B1B1E-19C0-45E8-AA74-B6E1C041A130}.Release - Stock|Mixed Platforms.ActiveCfg = Release|Any CPU
		{E27B1B1E-19C0-45E8-AA74-B6E1C041A130}.Release - Stock|Mixed Platforms.Build.0 = Release|Any CPU
		{E27B1B1E-19C0-45E8-AA74-B6E1C041A130}.Release - Stock|Win32.ActiveCfg = Release|Any CPU
		{E27B1B1E-19C0-45E8-AA74-B6E1C041A130}.Release - Stock|Win32.Build.0 = Release|Any CPU
		{E27B1B1E-19C0-45E8-AA74-B6E1C041A130}.Release - Stock|x64.ActiveCfg = Release|Any CPU
		{E27B1B1E-19C0-45E8-AA74-B6E1C041A130}.Release - Stock|x64.Build.0 = Release|Any CPU
		{E27B1B1E-19C0-45E8-AA74-B6E1C041A130}.Release - Stock|x86.ActiveCfg = Release|Any CPU
		{E27B1B1E-19C0-45E8-AA74-B6E1C041A130}.Release - Stock|x86.Build.0 = Release|Any CPU
		{E27B1B1E-19C0-45E8-AA74-B6E1C041A130}.Release|Any CPU.ActiveCfg = Release|Any CPU
		{E27B1B1E-19C0-45E8-AA74-B6E1C041A130}.Release|Any CPU.Build.0 = Release|Any CPU
		{E27B1B1E-19C0-45E8-AA74-B6E1C041A130}.Release|Mixed Platforms.ActiveCfg = Release|Any CPU
		{E27B1B1E-19C0-45E8-AA74-B6E1C041A130}.Release|Mixed Platforms.Build.0 = Release|Any CPU
		{E27B1B1E-19C0-45E8-AA74-B6E1C041A130}.Release|Win32.ActiveCfg = Release|Any CPU
		{E27B1B1E-19C0-45E8-AA74-B6E1C041A130}.Release|Win32.Build.0 = Release|Any CPU
		{E27B1B1E-19C0-45E8-AA74-B6E1C041A130}.Release|x64.ActiveCfg = Release|Any CPU
		{E27B1B1E-19C0-45E8-AA74-B6E1C041A130}.Release|x64.Build.0 = Release|Any CPU
		{E27B1B1E-19C0-45E8-AA74-B6E1C041A130}.Release|x86.ActiveCfg = Release|Any CPU
		{E27B1B1E-19C0-45E8-AA74-B6E1C041A130}.Release|x86.Build.0 = Release|Any CPU
		{10B51CE8-A838-44DE-BD82-B658F0296F80}.Debug - Stock|Any CPU.ActiveCfg = Debug|Win32
		{10B51CE8-A838-44DE-BD82-B658F0296F80}.Debug - Stock|Any CPU.Build.0 = Debug|Win32
		{10B51CE8-A838-44DE-BD82-B658F0296F80}.Debug - Stock|Mixed Platforms.ActiveCfg = Debug|Win32
		{10B51CE8-A838-44DE-BD82-B658F0296F80}.Debug - Stock|Mixed Platforms.Build.0 = Debug|Win32
		{10B51CE8-A838-44DE-BD82-B658F0296F80}.Debug - Stock|Win32.ActiveCfg = StockDebug|Win32
		{10B51CE8-A838-44DE-BD82-B658F0296F80}.Debug - Stock|Win32.Build.0 = StockDebug|Win32
		{10B51CE8-A838-44DE-BD82-B658F0296F80}.Debug - Stock|Win32.Deploy.0 = StockDebug|Win32
		{10B51CE8-A838-44DE-BD82-B658F0296F80}.Debug - Stock|x64.ActiveCfg = Debug|x64
		{10B51CE8-A838-44DE-BD82-B658F0296F80}.Debug - Stock|x64.Build.0 = Debug|x64
		{10B51CE8-A838-44DE-BD82-B658F0296F80}.Debug - Stock|x64.Deploy.0 = Debug|x64
		{10B51CE8-A838-44DE-BD82-B658F0296F80}.Debug - Stock|x86.ActiveCfg = Debug|Win32
		{10B51CE8-A838-44DE-BD82-B658F0296F80}.Debug - Stock|x86.Build.0 = Debug|Win32
		{10B51CE8-A838-44DE-BD82-B658F0296F80}.Debug|Any CPU.ActiveCfg = Debug|Win32
		{10B51CE8-A838-44DE-BD82-B658F0296F80}.Debug|Any CPU.Build.0 = Debug|Win32
		{10B51CE8-A838-44DE-BD82-B658F0296F80}.Debug|Mixed Platforms.ActiveCfg = Debug|Win32
		{10B51CE8-A838-44DE-BD82-B658F0296F80}.Debug|Mixed Platforms.Build.0 = Debug|Win32
		{10B51CE8-A838-44DE-BD82-B658F0296F80}.Debug|Win32.ActiveCfg = Debug|Win32
		{10B51CE8-A838-44DE-BD82-B658F0296F80}.Debug|Win32.Build.0 = Debug|Win32
		{10B51CE8-A838-44DE-BD82-B658F0296F80}.Debug|Win32.Deploy.0 = Debug|Win32
		{10B51CE8-A838-44DE-BD82-B658F0296F80}.Debug|x64.ActiveCfg = Debug|x64
		{10B51CE8-A838-44DE-BD82-B658F0296F80}.Debug|x64.Build.0 = Debug|x64
		{10B51CE8-A838-44DE-BD82-B658F0296F80}.Debug|x64.Deploy.0 = Debug|x64
		{10B51CE8-A838-44DE-BD82-B658F0296F80}.Debug|x86.ActiveCfg = Debug|Win32
		{10B51CE8-A838-44DE-BD82-B658F0296F80}.Debug|x86.Build.0 = Debug|Win32
		{10B51CE8-A838-44DE-BD82-B658F0296F80}.Release - Stock|Any CPU.ActiveCfg = Release|Win32
		{10B51CE8-A838-44DE-BD82-B658F0296F80}.Release - Stock|Any CPU.Build.0 = Release|Win32
		{10B51CE8-A838-44DE-BD82-B658F0296F80}.Release - Stock|Mixed Platforms.ActiveCfg = Release|Win32
		{10B51CE8-A838-44DE-BD82-B658F0296F80}.Release - Stock|Mixed Platforms.Build.0 = Release|Win32
		{10B51CE8-A838-44DE-BD82-B658F0296F80}.Release - Stock|Win32.ActiveCfg = Release|Win32
		{10B51CE8-A838-44DE-BD82-B658F0296F80}.Release - Stock|Win32.Build.0 = Release|Win32
		{10B51CE8-A838-44DE-BD82-B658F0296F80}.Release - Stock|x64.ActiveCfg = Release|x64
		{10B51CE8-A838-44DE-BD82-B658F0296F80}.Release - Stock|x64.Build.0 = Release|x64
		{10B51CE8-A838-44DE-BD82-B658F0296F80}.Release - Stock|x86.ActiveCfg = Release|Win32
		{10B51CE8-A838-44DE-BD82-B658F0296F80}.Release - Stock|x86.Build.0 = Release|Win32
		{10B51CE8-A838-44DE-BD82-B658F0296F80}.Release|Any CPU.ActiveCfg = Release|Win32
		{10B51CE8-A838-44DE-BD82-B658F0296F80}.Release|Any CPU.Build.0 = Release|Win32
		{10B51CE8-A838-44DE-BD82-B658F0296F80}.Release|Mixed Platforms.ActiveCfg = Release|Win32
		{10B51CE8-A838-44DE-BD82-B658F0296F80}.Release|Mixed Platforms.Build.0 = Release|Win32
		{10B51CE8-A838-44DE-BD82-B658F0296F80}.Release|Win32.ActiveCfg = Release|Win32
		{10B51CE8-A838-44DE-BD82-B658F0296F80}.Release|Win32.Build.0 = Release|Win32
		{10B51CE8-A838-44DE-BD82-B658F0296F80}.Release|x64.ActiveCfg = Release|x64
		{10B51CE8-A838-44DE-BD82-B658F0296F80}.Release|x64.Build.0 = Release|x64
		{10B51CE8-A838-44DE-BD82-B658F0296F80}.Release|x86.ActiveCfg = Release|Win32
		{10B51CE8-A838-44DE-BD82-B658F0296F80}.Release|x86.Build.0 = Release|Win32
		{AC139952-261A-4463-B6FA-AEBC25283A66}.Debug - Stock|Any CPU.ActiveCfg = Debug|Any CPU
		{AC139952-261A-4463-B6FA-AEBC25283A66}.Debug - Stock|Any CPU.Build.0 = Debug|Any CPU
		{AC139952-261A-4463-B6FA-AEBC25283A66}.Debug - Stock|Mixed Platforms.ActiveCfg = Debug|Any CPU
		{AC139952-261A-4463-B6FA-AEBC25283A66}.Debug - Stock|Mixed Platforms.Build.0 = Debug|Any CPU
		{AC139952-261A-4463-B6FA-AEBC25283A66}.Debug - Stock|Win32.ActiveCfg = StockDebug|Any CPU
		{AC139952-261A-4463-B6FA-AEBC25283A66}.Debug - Stock|Win32.Build.0 = StockDebug|Any CPU
		{AC139952-261A-4463-B6FA-AEBC25283A66}.Debug - Stock|x64.ActiveCfg = Debug|Any CPU
		{AC139952-261A-4463-B6FA-AEBC25283A66}.Debug - Stock|x64.Build.0 = Debug|Any CPU
		{AC139952-261A-4463-B6FA-AEBC25283A66}.Debug - Stock|x86.ActiveCfg = Debug|Any CPU
		{AC139952-261A-4463-B6FA-AEBC25283A66}.Debug - Stock|x86.Build.0 = Debug|Any CPU
		{AC139952-261A-4463-B6FA-AEBC25283A66}.Debug|Any CPU.ActiveCfg = Debug|Any CPU
		{AC139952-261A-4463-B6FA-AEBC25283A66}.Debug|Any CPU.Build.0 = Debug|Any CPU
		{AC139952-261A-4463-B6FA-AEBC25283A66}.Debug|Mixed Platforms.ActiveCfg = Debug|Any CPU
		{AC139952-261A-4463-B6FA-AEBC25283A66}.Debug|Mixed Platforms.Build.0 = Debug|Any CPU
		{AC139952-261A-4463-B6FA-AEBC25283A66}.Debug|Win32.ActiveCfg = Debug|Any CPU
		{AC139952-261A-4463-B6FA-AEBC25283A66}.Debug|Win32.Build.0 = Debug|Any CPU
		{AC139952-261A-4463-B6FA-AEBC25283A66}.Debug|x64.ActiveCfg = Debug|Any CPU
		{AC139952-261A-4463-B6FA-AEBC25283A66}.Debug|x64.Build.0 = Debug|Any CPU
		{AC139952-261A-4463-B6FA-AEBC25283A66}.Debug|x86.ActiveCfg = Debug|Any CPU
		{AC139952-261A-4463-B6FA-AEBC25283A66}.Debug|x86.Build.0 = Debug|Any CPU
		{AC139952-261A-4463-B6FA-AEBC25283A66}.Release - Stock|Any CPU.ActiveCfg = Release|Any CPU
		{AC139952-261A-4463-B6FA-AEBC25283A66}.Release - Stock|Any CPU.Build.0 = Release|Any CPU
		{AC139952-261A-4463-B6FA-AEBC25283A66}.Release - Stock|Mixed Platforms.ActiveCfg = Release|Any CPU
		{AC139952-261A-4463-B6FA-AEBC25283A66}.Release - Stock|Mixed Platforms.Build.0 = Release|Any CPU
		{AC139952-261A-4463-B6FA-AEBC25283A66}.Release - Stock|Win32.ActiveCfg = StockRelease|Any CPU
		{AC139952-261A-4463-B6FA-AEBC25283A66}.Release - Stock|Win32.Build.0 = StockRelease|Any CPU
		{AC139952-261A-4463-B6FA-AEBC25283A66}.Release - Stock|x64.ActiveCfg = Release|Any CPU
		{AC139952-261A-4463-B6FA-AEBC25283A66}.Release - Stock|x64.Build.0 = Release|Any CPU
		{AC139952-261A-4463-B6FA-AEBC25283A66}.Release - Stock|x86.ActiveCfg = Release|Any CPU
		{AC139952-261A-4463-B6FA-AEBC25283A66}.Release - Stock|x86.Build.0 = Release|Any CPU
		{AC139952-261A-4463-B6FA-AEBC25283A66}.Release|Any CPU.ActiveCfg = Release|Any CPU
		{AC139952-261A-4463-B6FA-AEBC25283A66}.Release|Any CPU.Build.0 = Release|Any CPU
		{AC139952-261A-4463-B6FA-AEBC25283A66}.Release|Mixed Platforms.ActiveCfg = Release|Any CPU
		{AC139952-261A-4463-B6FA-AEBC25283A66}.Release|Mixed Platforms.Build.0 = Release|Any CPU
		{AC139952-261A-4463-B6FA-AEBC25283A66}.Release|Win32.ActiveCfg = Release|Any CPU
		{AC139952-261A-4463-B6FA-AEBC25283A66}.Release|Win32.Build.0 = Release|Any CPU
		{AC139952-261A-4463-B6FA-AEBC25283A66}.Release|x64.ActiveCfg = Release|Any CPU
		{AC139952-261A-4463-B6FA-AEBC25283A66}.Release|x64.Build.0 = Release|Any CPU
		{AC139952-261A-4463-B6FA-AEBC25283A66}.Release|x86.ActiveCfg = Release|Any CPU
		{AC139952-261A-4463-B6FA-AEBC25283A66}.Release|x86.Build.0 = Release|Any CPU
		{E6BF9F74-58E2-413B-A7CE-EA653ECB728D}.Debug - Stock|Any CPU.ActiveCfg = Debug|Any CPU
		{E6BF9F74-58E2-413B-A7CE-EA653ECB728D}.Debug - Stock|Any CPU.Build.0 = Debug|Any CPU
		{E6BF9F74-58E2-413B-A7CE-EA653ECB728D}.Debug - Stock|Mixed Platforms.ActiveCfg = Debug|Any CPU
		{E6BF9F74-58E2-413B-A7CE-EA653ECB728D}.Debug - Stock|Mixed Platforms.Build.0 = Debug|Any CPU
		{E6BF9F74-58E2-413B-A7CE-EA653ECB728D}.Debug - Stock|Win32.ActiveCfg = Debug|Any CPU
		{E6BF9F74-58E2-413B-A7CE-EA653ECB728D}.Debug - Stock|Win32.Build.0 = Debug|Any CPU
		{E6BF9F74-58E2-413B-A7CE-EA653ECB728D}.Debug - Stock|x64.ActiveCfg = Debug|Any CPU
		{E6BF9F74-58E2-413B-A7CE-EA653ECB728D}.Debug - Stock|x64.Build.0 = Debug|Any CPU
		{E6BF9F74-58E2-413B-A7CE-EA653ECB728D}.Debug - Stock|x86.ActiveCfg = Debug|Any CPU
		{E6BF9F74-58E2-413B-A7CE-EA653ECB728D}.Debug - Stock|x86.Build.0 = Debug|Any CPU
		{E6BF9F74-58E2-413B-A7CE-EA653ECB728D}.Debug|Any CPU.ActiveCfg = Debug|Any CPU
		{E6BF9F74-58E2-413B-A7CE-EA653ECB728D}.Debug|Any CPU.Build.0 = Debug|Any CPU
		{E6BF9F74-58E2-413B-A7CE-EA653ECB728D}.Debug|Mixed Platforms.ActiveCfg = Debug|Any CPU
		{E6BF9F74-58E2-413B-A7CE-EA653ECB728D}.Debug|Mixed Platforms.Build.0 = Debug|Any CPU
		{E6BF9F74-58E2-413B-A7CE-EA653ECB728D}.Debug|Win32.ActiveCfg = Debug|Any CPU
		{E6BF9F74-58E2-413B-A7CE-EA653ECB728D}.Debug|Win32.Build.0 = Debug|Any CPU
		{E6BF9F74-58E2-413B-A7CE-EA653ECB728D}.Debug|x64.ActiveCfg = Debug|Any CPU
		{E6BF9F74-58E2-413B-A7CE-EA653ECB728D}.Debug|x64.Build.0 = Debug|Any CPU
		{E6BF9F74-58E2-413B-A7CE-EA653ECB728D}.Debug|x86.ActiveCfg = Debug|Any CPU
		{E6BF9F74-58E2-413B-A7CE-EA653ECB728D}.Debug|x86.Build.0 = Debug|Any CPU
		{E6BF9F74-58E2-413B-A7CE-EA653ECB728D}.Release - Stock|Any CPU.ActiveCfg = Release|Any CPU
		{E6BF9F74-58E2-413B-A7CE-EA653ECB728D}.Release - Stock|Any CPU.Build.0 = Release|Any CPU
		{E6BF9F74-58E2-413B-A7CE-EA653ECB728D}.Release - Stock|Mixed Platforms.ActiveCfg = Release|Any CPU
		{E6BF9F74-58E2-413B-A7CE-EA653ECB728D}.Release - Stock|Mixed Platforms.Build.0 = Release|Any CPU
		{E6BF9F74-58E2-413B-A7CE-EA653ECB728D}.Release - Stock|Win32.ActiveCfg = Release|Any CPU
		{E6BF9F74-58E2-413B-A7CE-EA653ECB728D}.Release - Stock|Win32.Build.0 = Release|Any CPU
		{E6BF9F74-58E2-413B-A7CE-EA653ECB728D}.Release - Stock|x64.ActiveCfg = Release|Any CPU
		{E6BF9F74-58E2-413B-A7CE-EA653ECB728D}.Release - Stock|x64.Build.0 = Release|Any CPU
		{E6BF9F74-58E2-413B-A7CE-EA653ECB728D}.Release - Stock|x86.ActiveCfg = Release|Any CPU
		{E6BF9F74-58E2-413B-A7CE-EA653ECB728D}.Release - Stock|x86.Build.0 = Release|Any CPU
		{E6BF9F74-58E2-413B-A7CE-EA653ECB728D}.Release|Any CPU.ActiveCfg = Release|Any CPU
		{E6BF9F74-58E2-413B-A7CE-EA653ECB728D}.Release|Any CPU.Build.0 = Release|Any CPU
		{E6BF9F74-58E2-413B-A7CE-EA653ECB728D}.Release|Mixed Platforms.ActiveCfg = Release|Any CPU
		{E6BF9F74-58E2-413B-A7CE-EA653ECB728D}.Release|Mixed Platforms.Build.0 = Release|Any CPU
		{E6BF9F74-58E2-413B-A7CE-EA653ECB728D}.Release|Win32.ActiveCfg = Release|Any CPU
		{E6BF9F74-58E2-413B-A7CE-EA653ECB728D}.Release|Win32.Build.0 = Release|Any CPU
		{E6BF9F74-58E2-413B-A7CE-EA653ECB728D}.Release|x64.ActiveCfg = Release|Any CPU
		{E6BF9F74-58E2-413B-A7CE-EA653ECB728D}.Release|x64.Build.0 = Release|Any CPU
		{E6BF9F74-58E2-413B-A7CE-EA653ECB728D}.Release|x86.ActiveCfg = Release|Any CPU
		{E6BF9F74-58E2-413B-A7CE-EA653ECB728D}.Release|x86.Build.0 = Release|Any CPU
		{9D3CF7A6-092A-4B05-B0E4-BEF6944525B3}.Debug - Stock|Any CPU.ActiveCfg = Debug|Any CPU
		{9D3CF7A6-092A-4B05-B0E4-BEF6944525B3}.Debug - Stock|Any CPU.Build.0 = Debug|Any CPU
		{9D3CF7A6-092A-4B05-B0E4-BEF6944525B3}.Debug - Stock|Mixed Platforms.ActiveCfg = Debug|Any CPU
		{9D3CF7A6-092A-4B05-B0E4-BEF6944525B3}.Debug - Stock|Mixed Platforms.Build.0 = Debug|Any CPU
		{9D3CF7A6-092A-4B05-B0E4-BEF6944525B3}.Debug - Stock|Win32.ActiveCfg = Debug|Any CPU
		{9D3CF7A6-092A-4B05-B0E4-BEF6944525B3}.Debug - Stock|Win32.Build.0 = Debug|Any CPU
		{9D3CF7A6-092A-4B05-B0E4-BEF6944525B3}.Debug - Stock|x64.ActiveCfg = Debug|Any CPU
		{9D3CF7A6-092A-4B05-B0E4-BEF6944525B3}.Debug - Stock|x64.Build.0 = Debug|Any CPU
		{9D3CF7A6-092A-4B05-B0E4-BEF6944525B3}.Debug - Stock|x86.ActiveCfg = Debug|Any CPU
		{9D3CF7A6-092A-4B05-B0E4-BEF6944525B3}.Debug - Stock|x86.Build.0 = Debug|Any CPU
		{9D3CF7A6-092A-4B05-B0E4-BEF6944525B3}.Debug|Any CPU.ActiveCfg = Debug|Any CPU
		{9D3CF7A6-092A-4B05-B0E4-BEF6944525B3}.Debug|Any CPU.Build.0 = Debug|Any CPU
		{9D3CF7A6-092A-4B05-B0E4-BEF6944525B3}.Debug|Mixed Platforms.ActiveCfg = Debug|Any CPU
		{9D3CF7A6-092A-4B05-B0E4-BEF6944525B3}.Debug|Mixed Platforms.Build.0 = Debug|Any CPU
		{9D3CF7A6-092A-4B05-B0E4-BEF6944525B3}.Debug|Win32.ActiveCfg = Debug|Any CPU
		{9D3CF7A6-092A-4B05-B0E4-BEF6944525B3}.Debug|Win32.Build.0 = Debug|Any CPU
		{9D3CF7A6-092A-4B05-B0E4-BEF6944525B3}.Debug|x64.ActiveCfg = Debug|Any CPU
		{9D3CF7A6-092A-4B05-B0E4-BEF6944525B3}.Debug|x64.Build.0 = Debug|Any CPU
		{9D3CF7A6-092A-4B05-B0E4-BEF6944525B3}.Debug|x86.ActiveCfg = Debug|Any CPU
		{9D3CF7A6-092A-4B05-B0E4-BEF6944525B3}.Debug|x86.Build.0 = Debug|Any CPU
		{9D3CF7A6-092A-4B05-B0E4-BEF6944525B3}.Release - Stock|Any CPU.ActiveCfg = Release|Any CPU
		{9D3CF7A6-092A-4B05-B0E4-BEF6944525B3}.Release - Stock|Any CPU.Build.0 = Release|Any CPU
		{9D3CF7A6-092A-4B05-B0E4-BEF6944525B3}.Release - Stock|Mixed Platforms.ActiveCfg = Release|Any CPU
		{9D3CF7A6-092A-4B05-B0E4-BEF6944525B3}.Release - Stock|Mixed Platforms.Build.0 = Release|Any CPU
		{9D3CF7A6-092A-4B05-B0E4-BEF6944525B3}.Release - Stock|Win32.ActiveCfg = Release|Any CPU
		{9D3CF7A6-092A-4B05-B0E4-BEF6944525B3}.Release - Stock|Win32.Build.0 = Release|Any CPU
		{9D3CF7A6-092A-4B05-B0E4-BEF6944525B3}.Release - Stock|x64.ActiveCfg = Release|Any CPU
		{9D3CF7A6-092A-4B05-B0E4-BEF6944525B3}.Release - Stock|x64.Build.0 = Release|Any CPU
		{9D3CF7A6-092A-4B05-B0E4-BEF6944525B3}.Release - Stock|x86.ActiveCfg = Release|Any CPU
		{9D3CF7A6-092A-4B05-B0E4-BEF6944525B3}.Release - Stock|x86.Build.0 = Release|Any CPU
		{9D3CF7A6-092A-4B05-B0E4-BEF6944525B3}.Release|Any CPU.ActiveCfg = Release|Any CPU
		{9D3CF7A6-092A-4B05-B0E4-BEF6944525B3}.Release|Any CPU.Build.0 = Release|Any CPU
		{9D3CF7A6-092A-4B05-B0E4-BEF6944525B3}.Release|Mixed Platforms.ActiveCfg = Release|Any CPU
		{9D3CF7A6-092A-4B05-B0E4-BEF6944525B3}.Release|Mixed Platforms.Build.0 = Release|Any CPU
		{9D3CF7A6-092A-4B05-B0E4-BEF6944525B3}.Release|Win32.ActiveCfg = Release|Any CPU
		{9D3CF7A6-092A-4B05-B0E4-BEF6944525B3}.Release|Win32.Build.0 = Release|Any CPU
		{9D3CF7A6-092A-4B05-B0E4-BEF6944525B3}.Release|x64.ActiveCfg = Release|Any CPU
		{9D3CF7A6-092A-4B05-B0E4-BEF6944525B3}.Release|x64.Build.0 = Release|Any CPU
		{9D3CF7A6-092A-4B05-B0E4-BEF6944525B3}.Release|x86.ActiveCfg = Release|Any CPU
		{9D3CF7A6-092A-4B05-B0E4-BEF6944525B3}.Release|x86.Build.0 = Release|Any CPU
		{AC139952-261A-4463-B6FA-AEBC25284A66}.Debug - Stock|Any CPU.ActiveCfg = Debug|Any CPU
		{AC139952-261A-4463-B6FA-AEBC25284A66}.Debug - Stock|Any CPU.Build.0 = Debug|Any CPU
		{AC139952-261A-4463-B6FA-AEBC25284A66}.Debug - Stock|Mixed Platforms.ActiveCfg = Debug|Any CPU
		{AC139952-261A-4463-B6FA-AEBC25284A66}.Debug - Stock|Mixed Platforms.Build.0 = Debug|Any CPU
		{AC139952-261A-4463-B6FA-AEBC25284A66}.Debug - Stock|Win32.ActiveCfg = Debug|Any CPU
		{AC139952-261A-4463-B6FA-AEBC25284A66}.Debug - Stock|Win32.Build.0 = Debug|Any CPU
		{AC139952-261A-4463-B6FA-AEBC25284A66}.Debug - Stock|x64.ActiveCfg = Debug|Any CPU
		{AC139952-261A-4463-B6FA-AEBC25284A66}.Debug - Stock|x64.Build.0 = Debug|Any CPU
		{AC139952-261A-4463-B6FA-AEBC25284A66}.Debug - Stock|x86.ActiveCfg = Debug|Any CPU
		{AC139952-261A-4463-B6FA-AEBC25284A66}.Debug - Stock|x86.Build.0 = Debug|Any CPU
		{AC139952-261A-4463-B6FA-AEBC25284A66}.Debug|Any CPU.ActiveCfg = Debug|Any CPU
		{AC139952-261A-4463-B6FA-AEBC25284A66}.Debug|Any CPU.Build.0 = Debug|Any CPU
		{AC139952-261A-4463-B6FA-AEBC25284A66}.Debug|Mixed Platforms.ActiveCfg = Debug|Any CPU
		{AC139952-261A-4463-B6FA-AEBC25284A66}.Debug|Mixed Platforms.Build.0 = Debug|Any CPU
		{AC139952-261A-4463-B6FA-AEBC25284A66}.Debug|Win32.ActiveCfg = Debug|Any CPU
		{AC139952-261A-4463-B6FA-AEBC25284A66}.Debug|Win32.Build.0 = Debug|Any CPU
		{AC139952-261A-4463-B6FA-AEBC25284A66}.Debug|x64.ActiveCfg = Debug|Any CPU
		{AC139952-261A-4463-B6FA-AEBC25284A66}.Debug|x64.Build.0 = Debug|Any CPU
		{AC139952-261A-4463-B6FA-AEBC25284A66}.Debug|x86.ActiveCfg = Debug|Any CPU
		{AC139952-261A-4463-B6FA-AEBC25284A66}.Debug|x86.Build.0 = Debug|Any CPU
		{AC139952-261A-4463-B6FA-AEBC25284A66}.Release - Stock|Any CPU.ActiveCfg = Release|Any CPU
		{AC139952-261A-4463-B6FA-AEBC25284A66}.Release - Stock|Any CPU.Build.0 = Release|Any CPU
		{AC139952-261A-4463-B6FA-AEBC25284A66}.Release - Stock|Mixed Platforms.ActiveCfg = Release|Any CPU
		{AC139952-261A-4463-B6FA-AEBC25284A66}.Release - Stock|Mixed Platforms.Build.0 = Release|Any CPU
		{AC139952-261A-4463-B6FA-AEBC25284A66}.Release - Stock|Win32.ActiveCfg = Release|Any CPU
		{AC139952-261A-4463-B6FA-AEBC25284A66}.Release - Stock|Win32.Build.0 = Release|Any CPU
		{AC139952-261A-4463-B6FA-AEBC25284A66}.Release - Stock|x64.ActiveCfg = Release|Any CPU
		{AC139952-261A-4463-B6FA-AEBC25284A66}.Release - Stock|x64.Build.0 = Release|Any CPU
		{AC139952-261A-4463-B6FA-AEBC25284A66}.Release - Stock|x86.ActiveCfg = Release|Any CPU
		{AC139952-261A-4463-B6FA-AEBC25284A66}.Release - Stock|x86.Build.0 = Release|Any CPU
		{AC139952-261A-4463-B6FA-AEBC25284A66}.Release|Any CPU.ActiveCfg = Release|Any CPU
		{AC139952-261A-4463-B6FA-AEBC25284A66}.Release|Any CPU.Build.0 = Release|Any CPU
		{AC139952-261A-4463-B6FA-AEBC25284A66}.Release|Mixed Platforms.ActiveCfg = Release|Any CPU
		{AC139952-261A-4463-B6FA-AEBC25284A66}.Release|Mixed Platforms.Build.0 = Release|Any CPU
		{AC139952-261A-4463-B6FA-AEBC25284A66}.Release|Win32.ActiveCfg = Release|Any CPU
		{AC139952-261A-4463-B6FA-AEBC25284A66}.Release|Win32.Build.0 = Release|Any CPU
		{AC139952-261A-4463-B6FA-AEBC25284A66}.Release|x64.ActiveCfg = Release|Any CPU
		{AC139952-261A-4463-B6FA-AEBC25284A66}.Release|x64.Build.0 = Release|Any CPU
		{AC139952-261A-4463-B6FA-AEBC25284A66}.Release|x86.ActiveCfg = Release|Any CPU
		{AC139952-261A-4463-B6FA-AEBC25284A66}.Release|x86.Build.0 = Release|Any CPU
		{BA304689-521B-4E60-A4B7-09558602C1BC}.Debug - Stock|Any CPU.ActiveCfg = Debug|Win32
		{BA304689-521B-4E60-A4B7-09558602C1BC}.Debug - Stock|Any CPU.Build.0 = Debug|Win32
		{BA304689-521B-4E60-A4B7-09558602C1BC}.Debug - Stock|Mixed Platforms.ActiveCfg = Debug|Win32
		{BA304689-521B-4E60-A4B7-09558602C1BC}.Debug - Stock|Mixed Platforms.Build.0 = Debug|Win32
		{BA304689-521B-4E60-A4B7-09558602C1BC}.Debug - Stock|Win32.ActiveCfg = Debug|Win32
		{BA304689-521B-4E60-A4B7-09558602C1BC}.Debug - Stock|Win32.Build.0 = Debug|Win32
		{BA304689-521B-4E60-A4B7-09558602C1BC}.Debug - Stock|x64.ActiveCfg = Debug|Win32
		{BA304689-521B-4E60-A4B7-09558602C1BC}.Debug - Stock|x86.ActiveCfg = Debug|Win32
		{BA304689-521B-4E60-A4B7-09558602C1BC}.Debug - Stock|x86.Build.0 = Debug|Win32
		{BA304689-521B-4E60-A4B7-09558602C1BC}.Debug|Any CPU.ActiveCfg = Debug|Win32
		{BA304689-521B-4E60-A4B7-09558602C1BC}.Debug|Any CPU.Build.0 = Debug|Win32
		{BA304689-521B-4E60-A4B7-09558602C1BC}.Debug|Mixed Platforms.ActiveCfg = Debug|Win32
		{BA304689-521B-4E60-A4B7-09558602C1BC}.Debug|Mixed Platforms.Build.0 = Debug|Win32
		{BA304689-521B-4E60-A4B7-09558602C1BC}.Debug|Win32.ActiveCfg = Debug|Win32
		{BA304689-521B-4E60-A4B7-09558602C1BC}.Debug|Win32.Build.0 = Debug|Win32
		{BA304689-521B-4E60-A4B7-09558602C1BC}.Debug|x64.ActiveCfg = Debug|Win32
		{BA304689-521B-4E60-A4B7-09558602C1BC}.Debug|x86.ActiveCfg = Debug|Win32
		{BA304689-521B-4E60-A4B7-09558602C1BC}.Debug|x86.Build.0 = Debug|Win32
		{BA304689-521B-4E60-A4B7-09558602C1BC}.Release - Stock|Any CPU.ActiveCfg = Release|Win32
		{BA304689-521B-4E60-A4B7-09558602C1BC}.Release - Stock|Any CPU.Build.0 = Release|Win32
		{BA304689-521B-4E60-A4B7-09558602C1BC}.Release - Stock|Mixed Platforms.ActiveCfg = Release|Win32
		{BA304689-521B-4E60-A4B7-09558602C1BC}.Release - Stock|Mixed Platforms.Build.0 = Release|Win32
		{BA304689-521B-4E60-A4B7-09558602C1BC}.Release - Stock|Win32.ActiveCfg = Release|Win32
		{BA304689-521B-4E60-A4B7-09558602C1BC}.Release - Stock|Win32.Build.0 = Release|Win32
		{BA304689-521B-4E60-A4B7-09558602C1BC}.Release - Stock|x64.ActiveCfg = Release|Win32
		{BA304689-521B-4E60-A4B7-09558602C1BC}.Release - Stock|x86.ActiveCfg = Release|Win32
		{BA304689-521B-4E60-A4B7-09558602C1BC}.Release - Stock|x86.Build.0 = Release|Win32
		{BA304689-521B-4E60-A4B7-09558602C1BC}.Release|Any CPU.ActiveCfg = Release|Win32
		{BA304689-521B-4E60-A4B7-09558602C1BC}.Release|Any CPU.Build.0 = Release|Win32
		{BA304689-521B-4E60-A4B7-09558602C1BC}.Release|Mixed Platforms.ActiveCfg = Release|Win32
		{BA304689-521B-4E60-A4B7-09558602C1BC}.Release|Mixed Platforms.Build.0 = Release|Win32
		{BA304689-521B-4E60-A4B7-09558602C1BC}.Release|Win32.ActiveCfg = Release|Win32
		{BA304689-521B-4E60-A4B7-09558602C1BC}.Release|Win32.Build.0 = Release|Win32
		{BA304689-521B-4E60-A4B7-09558602C1BC}.Release|x64.ActiveCfg = Release|Win32
		{BA304689-521B-4E60-A4B7-09558602C1BC}.Release|x86.ActiveCfg = Release|Win32
		{BA304689-521B-4E60-A4B7-09558602C1BC}.Release|x86.Build.0 = Release|Win32
		{035234F8-0865-4845-8A33-3DA6B81A4187}.Debug - Stock|Any CPU.ActiveCfg = Debug
		{035234F8-0865-4845-8A33-3DA6B81A4187}.Debug - Stock|Any CPU.Build.0 = Debug
		{035234F8-0865-4845-8A33-3DA6B81A4187}.Debug - Stock|Mixed Platforms.ActiveCfg = Debug
		{035234F8-0865-4845-8A33-3DA6B81A4187}.Debug - Stock|Mixed Platforms.Build.0 = Debug
		{035234F8-0865-4845-8A33-3DA6B81A4187}.Debug - Stock|Win32.ActiveCfg = Debug
		{035234F8-0865-4845-8A33-3DA6B81A4187}.Debug - Stock|Win32.Build.0 = Debug
		{035234F8-0865-4845-8A33-3DA6B81A4187}.Debug - Stock|x64.ActiveCfg = Debug
		{035234F8-0865-4845-8A33-3DA6B81A4187}.Debug - Stock|x64.Build.0 = Debug
		{035234F8-0865-4845-8A33-3DA6B81A4187}.Debug - Stock|x86.ActiveCfg = Debug
		{035234F8-0865-4845-8A33-3DA6B81A4187}.Debug - Stock|x86.Build.0 = Debug
		{035234F8-0865-4845-8A33-3DA6B81A4187}.Debug|Any CPU.ActiveCfg = Debug
		{035234F8-0865-4845-8A33-3DA6B81A4187}.Debug|Any CPU.Build.0 = Debug
		{035234F8-0865-4845-8A33-3DA6B81A4187}.Debug|Mixed Platforms.ActiveCfg = Debug
		{035234F8-0865-4845-8A33-3DA6B81A4187}.Debug|Mixed Platforms.Build.0 = Debug
		{035234F8-0865-4845-8A33-3DA6B81A4187}.Debug|Win32.ActiveCfg = Debug
		{035234F8-0865-4845-8A33-3DA6B81A4187}.Debug|Win32.Build.0 = Debug
		{035234F8-0865-4845-8A33-3DA6B81A4187}.Debug|x64.ActiveCfg = Debug
		{035234F8-0865-4845-8A33-3DA6B81A4187}.Debug|x64.Build.0 = Debug
		{035234F8-0865-4845-8A33-3DA6B81A4187}.Debug|x86.ActiveCfg = Debug
		{035234F8-0865-4845-8A33-3DA6B81A4187}.Debug|x86.Build.0 = Debug
		{035234F8-0865-4845-8A33-3DA6B81A4187}.Release - Stock|Any CPU.ActiveCfg = Release
		{035234F8-0865-4845-8A33-3DA6B81A4187}.Release - Stock|Any CPU.Build.0 = Release
		{035234F8-0865-4845-8A33-3DA6B81A4187}.Release - Stock|Mixed Platforms.ActiveCfg = Release
		{035234F8-0865-4845-8A33-3DA6B81A4187}.Release - Stock|Mixed Platforms.Build.0 = Release
		{035234F8-0865-4845-8A33-3DA6B81A4187}.Release - Stock|Win32.ActiveCfg = Release
		{035234F8-0865-4845-8A33-3DA6B81A4187}.Release - Stock|Win32.Build.0 = Release
		{035234F8-0865-4845-8A33-3DA6B81A4187}.Release - Stock|x64.ActiveCfg = Release
		{035234F8-0865-4845-8A33-3DA6B81A4187}.Release - Stock|x64.Build.0 = Release
		{035234F8-0865-4845-8A33-3DA6B81A4187}.Release - Stock|x86.ActiveCfg = Release
		{035234F8-0865-4845-8A33-3DA6B81A4187}.Release - Stock|x86.Build.0 = Release
		{035234F8-0865-4845-8A33-3DA6B81A4187}.Release|Any CPU.ActiveCfg = Release
		{035234F8-0865-4845-8A33-3DA6B81A4187}.Release|Any CPU.Build.0 = Release
		{035234F8-0865-4845-8A33-3DA6B81A4187}.Release|Mixed Platforms.ActiveCfg = Release
		{035234F8-0865-4845-8A33-3DA6B81A4187}.Release|Mixed Platforms.Build.0 = Release
		{035234F8-0865-4845-8A33-3DA6B81A4187}.Release|Win32.ActiveCfg = Release
		{035234F8-0865-4845-8A33-3DA6B81A4187}.Release|Win32.Build.0 = Release
		{035234F8-0865-4845-8A33-3DA6B81A4187}.Release|x64.ActiveCfg = Release
		{035234F8-0865-4845-8A33-3DA6B81A4187}.Release|x64.Build.0 = Release
		{035234F8-0865-4845-8A33-3DA6B81A4187}.Release|x86.ActiveCfg = Release
		{035234F8-0865-4845-8A33-3DA6B81A4187}.Release|x86.Build.0 = Release
		{9B4A5CF6-5BE5-4926-ACC7-B729A8C05198}.Debug - Stock|Any CPU.ActiveCfg = Debug|x86
		{9B4A5CF6-5BE5-4926-ACC7-B729A8C05198}.Debug - Stock|Any CPU.Build.0 = Debug|x86
		{9B4A5CF6-5BE5-4926-ACC7-B729A8C05198}.Debug - Stock|Mixed Platforms.ActiveCfg = Debug|x86
		{9B4A5CF6-5BE5-4926-ACC7-B729A8C05198}.Debug - Stock|Mixed Platforms.Build.0 = Debug|x86
		{9B4A5CF6-5BE5-4926-ACC7-B729A8C05198}.Debug - Stock|Win32.ActiveCfg = Debug|x86
		{9B4A5CF6-5BE5-4926-ACC7-B729A8C05198}.Debug - Stock|Win32.Build.0 = Debug|x86
		{9B4A5CF6-5BE5-4926-ACC7-B729A8C05198}.Debug - Stock|x64.ActiveCfg = Debug|x86
		{9B4A5CF6-5BE5-4926-ACC7-B729A8C05198}.Debug - Stock|x86.ActiveCfg = Debug|x86
		{9B4A5CF6-5BE5-4926-ACC7-B729A8C05198}.Debug - Stock|x86.Build.0 = Debug|x86
		{9B4A5CF6-5BE5-4926-ACC7-B729A8C05198}.Debug|Any CPU.ActiveCfg = Debug|Any CPU
		{9B4A5CF6-5BE5-4926-ACC7-B729A8C05198}.Debug|Any CPU.Build.0 = Debug|Any CPU
		{9B4A5CF6-5BE5-4926-ACC7-B729A8C05198}.Debug|Mixed Platforms.ActiveCfg = Debug|x86
		{9B4A5CF6-5BE5-4926-ACC7-B729A8C05198}.Debug|Mixed Platforms.Build.0 = Debug|x86
		{9B4A5CF6-5BE5-4926-ACC7-B729A8C05198}.Debug|Win32.ActiveCfg = Debug|x86
		{9B4A5CF6-5BE5-4926-ACC7-B729A8C05198}.Debug|Win32.Build.0 = Debug|x86
		{9B4A5CF6-5BE5-4926-ACC7-B729A8C05198}.Debug|x64.ActiveCfg = Debug|x86
		{9B4A5CF6-5BE5-4926-ACC7-B729A8C05198}.Debug|x86.ActiveCfg = Debug|x86
		{9B4A5CF6-5BE5-4926-ACC7-B729A8C05198}.Debug|x86.Build.0 = Debug|x86
		{9B4A5CF6-5BE5-4926-ACC7-B729A8C05198}.Release - Stock|Any CPU.ActiveCfg = Release|x86
		{9B4A5CF6-5BE5-4926-ACC7-B729A8C05198}.Release - Stock|Any CPU.Build.0 = Release|x86
		{9B4A5CF6-5BE5-4926-ACC7-B729A8C05198}.Release - Stock|Mixed Platforms.ActiveCfg = Release|x86
		{9B4A5CF6-5BE5-4926-ACC7-B729A8C05198}.Release - Stock|Mixed Platforms.Build.0 = Release|x86
		{9B4A5CF6-5BE5-4926-ACC7-B729A8C05198}.Release - Stock|Win32.ActiveCfg = Release|x86
		{9B4A5CF6-5BE5-4926-ACC7-B729A8C05198}.Release - Stock|Win32.Build.0 = Release|x86
		{9B4A5CF6-5BE5-4926-ACC7-B729A8C05198}.Release - Stock|x64.ActiveCfg = Release|x86
		{9B4A5CF6-5BE5-4926-ACC7-B729A8C05198}.Release - Stock|x86.ActiveCfg = Release|x86
		{9B4A5CF6-5BE5-4926-ACC7-B729A8C05198}.Release - Stock|x86.Build.0 = Release|x86
		{9B4A5CF6-5BE5-4926-ACC7-B729A8C05198}.Release|Any CPU.ActiveCfg = Release|Any CPU
		{9B4A5CF6-5BE5-4926-ACC7-B729A8C05198}.Release|Any CPU.Build.0 = Release|Any CPU
		{9B4A5CF6-5BE5-4926-ACC7-B729A8C05198}.Release|Mixed Platforms.ActiveCfg = Release|x86
		{9B4A5CF6-5BE5-4926-ACC7-B729A8C05198}.Release|Mixed Platforms.Build.0 = Release|x86
		{9B4A5CF6-5BE5-4926-ACC7-B729A8C05198}.Release|Win32.ActiveCfg = Release|x86
		{9B4A5CF6-5BE5-4926-ACC7-B729A8C05198}.Release|Win32.Build.0 = Release|x86
		{9B4A5CF6-5BE5-4926-ACC7-B729A8C05198}.Release|x64.ActiveCfg = Release|x86
		{9B4A5CF6-5BE5-4926-ACC7-B729A8C05198}.Release|x86.ActiveCfg = Release|x86
		{9B4A5CF6-5BE5-4926-ACC7-B729A8C05198}.Release|x86.Build.0 = Release|x86
		{71EED886-B5BF-488E-A4AA-1403E393D224}.Debug - Stock|Any CPU.ActiveCfg = Debug|x86
		{71EED886-B5BF-488E-A4AA-1403E393D224}.Debug - Stock|Any CPU.Build.0 = Debug|x86
		{71EED886-B5BF-488E-A4AA-1403E393D224}.Debug - Stock|Mixed Platforms.ActiveCfg = Debug|x86
		{71EED886-B5BF-488E-A4AA-1403E393D224}.Debug - Stock|Mixed Platforms.Build.0 = Debug|x86
		{71EED886-B5BF-488E-A4AA-1403E393D224}.Debug - Stock|Win32.ActiveCfg = Debug|x86
		{71EED886-B5BF-488E-A4AA-1403E393D224}.Debug - Stock|Win32.Build.0 = Debug|x86
		{71EED886-B5BF-488E-A4AA-1403E393D224}.Debug - Stock|x64.ActiveCfg = Debug|x86
		{71EED886-B5BF-488E-A4AA-1403E393D224}.Debug - Stock|x86.ActiveCfg = Debug|x86
		{71EED886-B5BF-488E-A4AA-1403E393D224}.Debug - Stock|x86.Build.0 = Debug|x86
		{71EED886-B5BF-488E-A4AA-1403E393D224}.Debug|Any CPU.ActiveCfg = Debug|Any CPU
		{71EED886-B5BF-488E-A4AA-1403E393D224}.Debug|Any CPU.Build.0 = Debug|Any CPU
		{71EED886-B5BF-488E-A4AA-1403E393D224}.Debug|Mixed Platforms.ActiveCfg = Debug|x86
		{71EED886-B5BF-488E-A4AA-1403E393D224}.Debug|Mixed Platforms.Build.0 = Debug|x86
		{71EED886-B5BF-488E-A4AA-1403E393D224}.Debug|Win32.ActiveCfg = Debug|x86
		{71EED886-B5BF-488E-A4AA-1403E393D224}.Debug|Win32.Build.0 = Debug|x86
		{71EED886-B5BF-488E-A4AA-1403E393D224}.Debug|x64.ActiveCfg = Debug|x86
		{71EED886-B5BF-488E-A4AA-1403E393D224}.Debug|x86.ActiveCfg = Debug|x86
		{71EED886-B5BF-488E-A4AA-1403E393D224}.Debug|x86.Build.0 = Debug|x86
		{71EED886-B5BF-488E-A4AA-1403E393D224}.Release - Stock|Any CPU.ActiveCfg = Release|x86
		{71EED886-B5BF-488E-A4AA-1403E393D224}.Release - Stock|Any CPU.Build.0 = Release|x86
		{71EED886-B5BF-488E-A4AA-1403E393D224}.Release - Stock|Mixed Platforms.ActiveCfg = Release|x86
		{71EED886-B5BF-488E-A4AA-1403E393D224}.Release - Stock|Mixed Platforms.Build.0 = Release|x86
		{71EED886-B5BF-488E-A4AA-1403E393D224}.Release - Stock|Win32.ActiveCfg = Release|x86
		{71EED886-B5BF-488E-A4AA-1403E393D224}.Release - Stock|Win32.Build.0 = Release|x86
		{71EED886-B5BF-488E-A4AA-1403E393D224}.Release - Stock|x64.ActiveCfg = Release|x86
		{71EED886-B5BF-488E-A4AA-1403E393D224}.Release - Stock|x86.ActiveCfg = Release|x86
		{71EED886-B5BF-488E-A4AA-1403E393D224}.Release - Stock|x86.Build.0 = Release|x86
		{71EED886-B5BF-488E-A4AA-1403E393D224}.Release|Any CPU.ActiveCfg = Release|Any CPU
		{71EED886-B5BF-488E-A4AA-1403E393D224}.Release|Any CPU.Build.0 = Release|Any CPU
		{71EED886-B5BF-488E-A4AA-1403E393D224}.Release|Mixed Platforms.ActiveCfg = Release|x86
		{71EED886-B5BF-488E-A4AA-1403E393D224}.Release|Mixed Platforms.Build.0 = Release|x86
		{71EED886-B5BF-488E-A4AA-1403E393D224}.Release|Win32.ActiveCfg = Release|x86
		{71EED886-B5BF-488E-A4AA-1403E393D224}.Release|Win32.Build.0 = Release|x86
		{71EED886-B5BF-488E-A4AA-1403E393D224}.Release|x64.ActiveCfg = Release|x86
		{71EED886-B5BF-488E-A4AA-1403E393D224}.Release|x86.ActiveCfg = Release|x86
		{71EED886-B5BF-488E-A4AA-1403E393D224}.Release|x86.Build.0 = Release|x86
	EndGlobalSection
	GlobalSection(SolutionProperties) = preSolution
		HideSolutionNode = FALSE
	EndGlobalSection
EndGlobal
