
Microsoft Visual Studio Solution File, Format Version 9.00
# Visual Studio 2005
Project("{FAE04EC0-301F-11D3-BF4B-00C04F79EFBC}") = "System.Data.SQLite", "System.Data.SQLite\System.Data.SQLite.csproj", "{AC139951-261A-4463-B6FA-AEBC25283A66}"
EndProject
Project("{FAE04EC0-301F-11D3-BF4B-00C04F79EFBC}") = "test", "test\test.csproj", "{E27B1B1E-19C0-45E8-AA74-B6E1C041A130}"
	ProjectSection(ProjectDependencies) = postProject
		{10B51CE8-A838-44DE-BD82-B658F0296F80} = {10B51CE8-A838-44DE-BD82-B658F0296F80}
	EndProjectSection
EndProject
Project("{2150E333-8FDC-42A3-9474-1A3956D46DE8}") = "Solution Items", "Solution Items", "{39A3B743-1EBD-4CC0-8E37-ACE3DD38B1C0}"
	ProjectSection(SolutionItems) = postProject
		readme.htm = readme.htm
	EndProjectSection
EndProject
Project("{8BC9CEB8-8B4A-11D0-8D11-00A0C91BC942}") = "SQLite.Interop", "SQLite.Interop\SQLite.Interop.vcproj", "{10B51CE8-A838-44DE-BD82-B658F0296F80}"
EndProject
Global
	GlobalSection(SolutionConfigurationPlatforms) = preSolution
		Debug|Any CPU = Debug|Any CPU
		Debug|Mixed Platforms = Debug|Mixed Platforms
		Debug|Pocket PC 2003 (ARMV4) = Debug|Pocket PC 2003 (ARMV4)
		Debug|Win32 = Debug|Win32
		Release|Any CPU = Release|Any CPU
		Release|Mixed Platforms = Release|Mixed Platforms
		Release|Pocket PC 2003 (ARMV4) = Release|Pocket PC 2003 (ARMV4)
		Release|Win32 = Release|Win32
	EndGlobalSection
	GlobalSection(ProjectConfigurationPlatforms) = postSolution
		{AC139951-261A-4463-B6FA-AEBC25283A66}.Debug|Any CPU.ActiveCfg = Debug|Any CPU
		{AC139951-261A-4463-B6FA-AEBC25283A66}.Debug|Mixed Platforms.ActiveCfg = Debug|Any CPU
		{AC139951-261A-4463-B6FA-AEBC25283A66}.Debug|Pocket PC 2003 (ARMV4).ActiveCfg = Debug|Any CPU
		{AC139951-261A-4463-B6FA-AEBC25283A66}.Debug|Win32.ActiveCfg = Debug|Any CPU
		{AC139951-261A-4463-B6FA-AEBC25283A66}.Release|Any CPU.ActiveCfg = Release|Any CPU
		{AC139951-261A-4463-B6FA-AEBC25283A66}.Release|Mixed Platforms.ActiveCfg = Release|Any CPU
		{AC139951-261A-4463-B6FA-AEBC25283A66}.Release|Pocket PC 2003 (ARMV4).ActiveCfg = Release|Any CPU
		{AC139951-261A-4463-B6FA-AEBC25283A66}.Release|Win32.ActiveCfg = Release|Any CPU
		{E27B1B1E-19C0-45E8-AA74-B6E1C041A130}.Debug|Any CPU.ActiveCfg = Debug|Any CPU
		{E27B1B1E-19C0-45E8-AA74-B6E1C041A130}.Debug|Any CPU.Build.0 = Debug|Any CPU
		{E27B1B1E-19C0-45E8-AA74-B6E1C041A130}.Debug|Mixed Platforms.ActiveCfg = Debug|Any CPU
		{E27B1B1E-19C0-45E8-AA74-B6E1C041A130}.Debug|Mixed Platforms.Build.0 = Debug|Any CPU
		{E27B1B1E-19C0-45E8-AA74-B6E1C041A130}.Debug|Pocket PC 2003 (ARMV4).ActiveCfg = Debug|Any CPU
		{E27B1B1E-19C0-45E8-AA74-B6E1C041A130}.Debug|Win32.ActiveCfg = Debug|Any CPU
		{E27B1B1E-19C0-45E8-AA74-B6E1C041A130}.Release|Any CPU.ActiveCfg = Release|Any CPU
		{E27B1B1E-19C0-45E8-AA74-B6E1C041A130}.Release|Any CPU.Build.0 = Release|Any CPU
		{E27B1B1E-19C0-45E8-AA74-B6E1C041A130}.Release|Mixed Platforms.ActiveCfg = Release|Any CPU
		{E27B1B1E-19C0-45E8-AA74-B6E1C041A130}.Release|Mixed Platforms.Build.0 = Release|Any CPU
		{E27B1B1E-19C0-45E8-AA74-B6E1C041A130}.Release|Pocket PC 2003 (ARMV4).ActiveCfg = Release|Any CPU
		{E27B1B1E-19C0-45E8-AA74-B6E1C041A130}.Release|Win32.ActiveCfg = Release|Any CPU
		{10B51CE8-A838-44DE-BD82-B658F0296F80}.Debug|Any CPU.ActiveCfg = Release|Win32
		{10B51CE8-A838-44DE-BD82-B658F0296F80}.Debug|Any CPU.Build.0 = Release|Win32
		{10B51CE8-A838-44DE-BD82-B658F0296F80}.Debug|Mixed Platforms.ActiveCfg = Release|Win32
		{10B51CE8-A838-44DE-BD82-B658F0296F80}.Debug|Mixed Platforms.Build.0 = Release|Win32
		{10B51CE8-A838-44DE-BD82-B658F0296F80}.Debug|Pocket PC 2003 (ARMV4).ActiveCfg = Release|Pocket PC 2003 (ARMV4)
		{10B51CE8-A838-44DE-BD82-B658F0296F80}.Debug|Pocket PC 2003 (ARMV4).Build.0 = Release|Pocket PC 2003 (ARMV4)
		{10B51CE8-A838-44DE-BD82-B658F0296F80}.Debug|Pocket PC 2003 (ARMV4).Deploy.0 = Release|Pocket PC 2003 (ARMV4)
		{10B51CE8-A838-44DE-BD82-B658F0296F80}.Debug|Win32.ActiveCfg = Compact|Win32
		{10B51CE8-A838-44DE-BD82-B658F0296F80}.Debug|Win32.Build.0 = Compact|Win32
		{10B51CE8-A838-44DE-BD82-B658F0296F80}.Release|Any CPU.ActiveCfg = Release|Win32
		{10B51CE8-A838-44DE-BD82-B658F0296F80}.Release|Any CPU.Build.0 = Release|Win32
		{10B51CE8-A838-44DE-BD82-B658F0296F80}.Release|Mixed Platforms.ActiveCfg = Release|Win32
		{10B51CE8-A838-44DE-BD82-B658F0296F80}.Release|Mixed Platforms.Build.0 = Release|Win32
		{10B51CE8-A838-44DE-BD82-B658F0296F80}.Release|Pocket PC 2003 (ARMV4).ActiveCfg = Release|Pocket PC 2003 (ARMV4)
		{10B51CE8-A838-44DE-BD82-B658F0296F80}.Release|Pocket PC 2003 (ARMV4).Build.0 = Release|Pocket PC 2003 (ARMV4)
		{10B51CE8-A838-44DE-BD82-B658F0296F80}.Release|Pocket PC 2003 (ARMV4).Deploy.0 = Release|Pocket PC 2003 (ARMV4)
		{10B51CE8-A838-44DE-BD82-B658F0296F80}.Release|Win32.ActiveCfg = Release|Win32
		{10B51CE8-A838-44DE-BD82-B658F0296F80}.Release|Win32.Build.0 = Release|Win32
	EndGlobalSection
	GlobalSection(SolutionProperties) = preSolution
		HideSolutionNode = FALSE
	EndGlobalSection
EndGlobal
