Microsoft Visual Studio Solution File, Format Version 9.00
# Visual Studio 2005
Project("{2150E333-8FDC-42A3-9474-1A3956D46DE8}") = "Solution Items", "Solution Items", "{39A3B743-1EBD-4CC0-8E37-ACE3DD38B1C0}"
	ProjectSection(SolutionItems) = preProject
		exclude_bin.txt = exclude_bin.txt
		exclude_src.txt = exclude_src.txt
		install.ps1 = install.ps1
		readme.htm = readme.htm
		SQLite.MSIL.nuspec = SQLite.MSIL.nuspec
		SQLite.NET.Settings.targets = SQLite.NET.Settings.targets
		SQLite.nuspec = SQLite.nuspec
		SQLite.x64.nuspec = SQLite.x64.nuspec
		SQLite.x86.nuspec = SQLite.x86.nuspec
		System.Data.SQLite\System.Data.SQLite.CF.snk = System.Data.SQLite\System.Data.SQLite.CF.snk
		System.Data.SQLite\System.Data.SQLite.Files.targets = System.Data.SQLite\System.Data.SQLite.Files.targets
		System.Data.SQLite\System.Data.SQLite.Properties.targets = System.Data.SQLite\System.Data.SQLite.Properties.targets
		System.Data.SQLite\System.Data.SQLite.References.targets = System.Data.SQLite\System.Data.SQLite.References.targets
		System.Data.SQLite\System.Data.SQLite.snk = System.Data.SQLite\System.Data.SQLite.snk
	EndProjectSection
EndProject
Project("{FAE04EC0-301F-11D3-BF4B-00C04F79EFBC}") = "System.Data.SQLite.2005", "System.Data.SQLite\System.Data.SQLite.2005.csproj", "{AC139952-261A-4463-B6FA-AEBC25283A66}"
EndProject
Project("{FAE04EC0-301F-11D3-BF4B-00C04F79EFBC}") = "System.Data.SQLite.Module.2005", "System.Data.SQLite\System.Data.SQLite.Module.2005.csproj", "{AC139952-261A-4463-B6FA-AEBC25284A66}"
EndProject
Project("{FAE04EC0-301F-11D3-BF4B-00C04F79EFBC}") = "test.2005", "test\test.2005.csproj", "{E27B1B1E-19C0-45E8-AA74-B6E1C041A130}"
EndProject
Project("{8BC9CEB8-8B4A-11D0-8D11-00A0C91BC942}") = "SQLite.Interop.2005", "SQLite.Interop\SQLite.Interop.2005.vcproj", "{53784BC1-A8BC-4AC8-8A3E-158D6807345A}"
	ProjectSection(ProjectDependencies) = postProject
		{AC139952-261A-4463-B6FA-AEBC25284A66} = {AC139952-261A-4463-B6FA-AEBC25284A66}
	EndProjectSection
EndProject
Project("{FAE04EC0-301F-11D3-BF4B-00C04F79EFBC}") = "SQLite.Designer.2005", "SQLite.Designer\SQLite.Designer.2005.csproj", "{9B4A5CF6-5BE5-4926-ACC7-B729A8C05198}"
EndProject
Project("{FAE04EC0-301F-11D3-BF4B-00C04F79EFBC}") = "System.Data.SQLite.Compact.2005", "System.Data.SQLite\System.Data.SQLite.Compact.2005.csproj", "{AC139951-261A-4463-B6FA-AEBC25283A66}"
EndProject
Project("{8BC9CEB8-8B4A-11D0-8D11-00A0C91BC942}") = "SQLite.Interop.CE.2005", "SQLite.Interop\SQLite.Interop.CE.2005.vcproj", "{9E5A8F20-5F04-4629-B2E1-27B5E30F2AF6}"
EndProject
Project("{FAE04EC0-301F-11D3-BF4B-00C04F79EFBC}") = "testce.2005", "testce\testce.2005.csproj", "{B86CE504-C4E4-496F-A0F0-E613BCFD3DF7}"
EndProject
Project("{8BC9CEB8-8B4A-11D0-8D11-00A0C91BC942}") = "SQLite.Interop.Static.2005", "SQLite.Interop\SQLite.Interop.Static.2005.vcproj", "{490CBC51-A3B2-4397-89F9-16E858DCB4F8}"
	ProjectSection(ProjectDependencies) = postProject
		{AC139952-261A-4463-B6FA-AEBC25284A66} = {AC139952-261A-4463-B6FA-AEBC25284A66}
	EndProjectSection
EndProject
Project("{FAE04EC0-301F-11D3-BF4B-00C04F79EFBC}") = "Installer.2005", "tools\install\Installer.2005.csproj", "{A41FE2A5-07AD-4CE7-B836-1544634816F5}"
EndProject
Global
	GlobalSection(SolutionConfigurationPlatforms) = preSolution
		Debug|Any CPU = Debug|Any CPU
		Debug|Mixed Platforms = Debug|Mixed Platforms
		Debug|Pocket PC 2003 (ARMV4) = Debug|Pocket PC 2003 (ARMV4)
		Debug|Win32 = Debug|Win32
		Debug|x64 = Debug|x64
		DebugManagedOnly|Any CPU = DebugManagedOnly|Any CPU
		DebugManagedOnly|Mixed Platforms = DebugManagedOnly|Mixed Platforms
		DebugManagedOnly|Pocket PC 2003 (ARMV4) = DebugManagedOnly|Pocket PC 2003 (ARMV4)
		DebugManagedOnly|Win32 = DebugManagedOnly|Win32
		DebugManagedOnly|x64 = DebugManagedOnly|x64
		DebugNativeOnly|Any CPU = DebugNativeOnly|Any CPU
		DebugNativeOnly|Mixed Platforms = DebugNativeOnly|Mixed Platforms
		DebugNativeOnly|Pocket PC 2003 (ARMV4) = DebugNativeOnly|Pocket PC 2003 (ARMV4)
		DebugNativeOnly|Win32 = DebugNativeOnly|Win32
		DebugNativeOnly|x64 = DebugNativeOnly|x64
		Release|Any CPU = Release|Any CPU
		Release|Mixed Platforms = Release|Mixed Platforms
		Release|Pocket PC 2003 (ARMV4) = Release|Pocket PC 2003 (ARMV4)
		Release|Win32 = Release|Win32
		Release|x64 = Release|x64
		ReleaseManagedOnly|Any CPU = ReleaseManagedOnly|Any CPU
		ReleaseManagedOnly|Mixed Platforms = ReleaseManagedOnly|Mixed Platforms
		ReleaseManagedOnly|Pocket PC 2003 (ARMV4) = ReleaseManagedOnly|Pocket PC 2003 (ARMV4)
		ReleaseManagedOnly|Win32 = ReleaseManagedOnly|Win32
		ReleaseManagedOnly|x64 = ReleaseManagedOnly|x64
		ReleaseNativeOnly|Any CPU = ReleaseNativeOnly|Any CPU
		ReleaseNativeOnly|Mixed Platforms = ReleaseNativeOnly|Mixed Platforms
		ReleaseNativeOnly|Pocket PC 2003 (ARMV4) = ReleaseNativeOnly|Pocket PC 2003 (ARMV4)
		ReleaseNativeOnly|Win32 = ReleaseNativeOnly|Win32
		ReleaseNativeOnly|x64 = ReleaseNativeOnly|x64
	EndGlobalSection
	GlobalSection(ProjectConfigurationPlatforms) = postSolution
		{AC139952-261A-4463-B6FA-AEBC25283A66}.Debug|Any CPU.ActiveCfg = Debug|Any CPU
		{AC139952-261A-4463-B6FA-AEBC25283A66}.Debug|Any CPU.Build.0 = Debug|Any CPU
		{AC139952-261A-4463-B6FA-AEBC25283A66}.Debug|Mixed Platforms.ActiveCfg = Debug|Any CPU
		{AC139952-261A-4463-B6FA-AEBC25283A66}.Debug|Mixed Platforms.Build.0 = Debug|Any CPU
		{AC139952-261A-4463-B6FA-AEBC25283A66}.Debug|Pocket PC 2003 (ARMV4).ActiveCfg = Debug|Any CPU
		{AC139952-261A-4463-B6FA-AEBC25283A66}.Debug|Win32.ActiveCfg = Debug|Any CPU
		{AC139952-261A-4463-B6FA-AEBC25283A66}.Debug|Win32.Build.0 = Debug|Any CPU
		{AC139952-261A-4463-B6FA-AEBC25283A66}.Debug|x64.ActiveCfg = Debug|Any CPU
		{AC139952-261A-4463-B6FA-AEBC25283A66}.Debug|x64.Build.0 = Debug|Any CPU
		{AC139952-261A-4463-B6FA-AEBC25283A66}.DebugManagedOnly|Any CPU.ActiveCfg = Debug|Any CPU
		{AC139952-261A-4463-B6FA-AEBC25283A66}.DebugManagedOnly|Any CPU.Build.0 = Debug|Any CPU
		{AC139952-261A-4463-B6FA-AEBC25283A66}.DebugManagedOnly|Mixed Platforms.ActiveCfg = Debug|Any CPU
		{AC139952-261A-4463-B6FA-AEBC25283A66}.DebugManagedOnly|Mixed Platforms.Build.0 = Debug|Any CPU
		{AC139952-261A-4463-B6FA-AEBC25283A66}.DebugManagedOnly|Pocket PC 2003 (ARMV4).ActiveCfg = Debug|Any CPU
		{AC139952-261A-4463-B6FA-AEBC25283A66}.DebugManagedOnly|Win32.ActiveCfg = Debug|Any CPU
		{AC139952-261A-4463-B6FA-AEBC25283A66}.DebugManagedOnly|Win32.Build.0 = Debug|Any CPU
		{AC139952-261A-4463-B6FA-AEBC25283A66}.DebugManagedOnly|x64.ActiveCfg = Debug|Any CPU
		{AC139952-261A-4463-B6FA-AEBC25283A66}.DebugManagedOnly|x64.Build.0 = Debug|Any CPU
		{AC139952-261A-4463-B6FA-AEBC25283A66}.DebugNativeOnly|Any CPU.ActiveCfg = Debug|Any CPU
		{AC139952-261A-4463-B6FA-AEBC25283A66}.DebugNativeOnly|Mixed Platforms.ActiveCfg = Debug|Any CPU
		{AC139952-261A-4463-B6FA-AEBC25283A66}.DebugNativeOnly|Pocket PC 2003 (ARMV4).ActiveCfg = Debug|Any CPU
		{AC139952-261A-4463-B6FA-AEBC25283A66}.DebugNativeOnly|Win32.ActiveCfg = Debug|Any CPU
		{AC139952-261A-4463-B6FA-AEBC25283A66}.DebugNativeOnly|x64.ActiveCfg = Debug|Any CPU
		{AC139952-261A-4463-B6FA-AEBC25283A66}.Release|Any CPU.ActiveCfg = Release|Any CPU
		{AC139952-261A-4463-B6FA-AEBC25283A66}.Release|Any CPU.Build.0 = Release|Any CPU
		{AC139952-261A-4463-B6FA-AEBC25283A66}.Release|Mixed Platforms.ActiveCfg = Release|Any CPU
		{AC139952-261A-4463-B6FA-AEBC25283A66}.Release|Mixed Platforms.Build.0 = Release|Any CPU
		{AC139952-261A-4463-B6FA-AEBC25283A66}.Release|Pocket PC 2003 (ARMV4).ActiveCfg = Release|Any CPU
		{AC139952-261A-4463-B6FA-AEBC25283A66}.Release|Win32.ActiveCfg = Release|Any CPU
		{AC139952-261A-4463-B6FA-AEBC25283A66}.Release|Win32.Build.0 = Release|Any CPU
		{AC139952-261A-4463-B6FA-AEBC25283A66}.Release|x64.ActiveCfg = Release|Any CPU
		{AC139952-261A-4463-B6FA-AEBC25283A66}.Release|x64.Build.0 = Release|Any CPU
		{AC139952-261A-4463-B6FA-AEBC25283A66}.ReleaseManagedOnly|Any CPU.ActiveCfg = Release|Any CPU
		{AC139952-261A-4463-B6FA-AEBC25283A66}.ReleaseManagedOnly|Any CPU.Build.0 = Release|Any CPU
		{AC139952-261A-4463-B6FA-AEBC25283A66}.ReleaseManagedOnly|Mixed Platforms.ActiveCfg = Release|Any CPU
		{AC139952-261A-4463-B6FA-AEBC25283A66}.ReleaseManagedOnly|Mixed Platforms.Build.0 = Release|Any CPU
		{AC139952-261A-4463-B6FA-AEBC25283A66}.ReleaseManagedOnly|Pocket PC 2003 (ARMV4).ActiveCfg = Release|Any CPU
		{AC139952-261A-4463-B6FA-AEBC25283A66}.ReleaseManagedOnly|Win32.ActiveCfg = Release|Any CPU
		{AC139952-261A-4463-B6FA-AEBC25283A66}.ReleaseManagedOnly|Win32.Build.0 = Release|Any CPU
		{AC139952-261A-4463-B6FA-AEBC25283A66}.ReleaseManagedOnly|x64.ActiveCfg = Release|Any CPU
		{AC139952-261A-4463-B6FA-AEBC25283A66}.ReleaseManagedOnly|x64.Build.0 = Release|Any CPU
		{AC139952-261A-4463-B6FA-AEBC25283A66}.ReleaseNativeOnly|Any CPU.ActiveCfg = Release|Any CPU
		{AC139952-261A-4463-B6FA-AEBC25283A66}.ReleaseNativeOnly|Mixed Platforms.ActiveCfg = Release|Any CPU
		{AC139952-261A-4463-B6FA-AEBC25283A66}.ReleaseNativeOnly|Pocket PC 2003 (ARMV4).ActiveCfg = Release|Any CPU
		{AC139952-261A-4463-B6FA-AEBC25283A66}.ReleaseNativeOnly|Win32.ActiveCfg = Release|Any CPU
		{AC139952-261A-4463-B6FA-AEBC25283A66}.ReleaseNativeOnly|x64.ActiveCfg = Release|Any CPU
		{AC139952-261A-4463-B6FA-AEBC25284A66}.Debug|Any CPU.ActiveCfg = Debug|Any CPU
		{AC139952-261A-4463-B6FA-AEBC25284A66}.Debug|Any CPU.Build.0 = Debug|Any CPU
		{AC139952-261A-4463-B6FA-AEBC25284A66}.Debug|Mixed Platforms.ActiveCfg = Debug|Any CPU
		{AC139952-261A-4463-B6FA-AEBC25284A66}.Debug|Mixed Platforms.Build.0 = Debug|Any CPU
		{AC139952-261A-4463-B6FA-AEBC25284A66}.Debug|Pocket PC 2003 (ARMV4).ActiveCfg = Debug|Any CPU
		{AC139952-261A-4463-B6FA-AEBC25284A66}.Debug|Win32.ActiveCfg = Debug|Any CPU
		{AC139952-261A-4463-B6FA-AEBC25284A66}.Debug|Win32.Build.0 = Debug|Any CPU
		{AC139952-261A-4463-B6FA-AEBC25284A66}.Debug|x64.ActiveCfg = Debug|Any CPU
		{AC139952-261A-4463-B6FA-AEBC25284A66}.Debug|x64.Build.0 = Debug|Any CPU
		{AC139952-261A-4463-B6FA-AEBC25284A66}.DebugManagedOnly|Any CPU.ActiveCfg = Debug|Any CPU
		{AC139952-261A-4463-B6FA-AEBC25284A66}.DebugManagedOnly|Any CPU.Build.0 = Debug|Any CPU
		{AC139952-261A-4463-B6FA-AEBC25284A66}.DebugManagedOnly|Mixed Platforms.ActiveCfg = Debug|Any CPU
		{AC139952-261A-4463-B6FA-AEBC25284A66}.DebugManagedOnly|Mixed Platforms.Build.0 = Debug|Any CPU
		{AC139952-261A-4463-B6FA-AEBC25284A66}.DebugManagedOnly|Pocket PC 2003 (ARMV4).ActiveCfg = Debug|Any CPU
		{AC139952-261A-4463-B6FA-AEBC25284A66}.DebugManagedOnly|Win32.ActiveCfg = Debug|Any CPU
		{AC139952-261A-4463-B6FA-AEBC25284A66}.DebugManagedOnly|Win32.Build.0 = Debug|Any CPU
		{AC139952-261A-4463-B6FA-AEBC25284A66}.DebugManagedOnly|x64.ActiveCfg = Debug|Any CPU
		{AC139952-261A-4463-B6FA-AEBC25284A66}.DebugManagedOnly|x64.Build.0 = Debug|Any CPU
		{AC139952-261A-4463-B6FA-AEBC25284A66}.DebugNativeOnly|Any CPU.ActiveCfg = Debug|Any CPU
		{AC139952-261A-4463-B6FA-AEBC25284A66}.DebugNativeOnly|Mixed Platforms.ActiveCfg = Debug|Any CPU
		{AC139952-261A-4463-B6FA-AEBC25284A66}.DebugNativeOnly|Pocket PC 2003 (ARMV4).ActiveCfg = Debug|Any CPU
		{AC139952-261A-4463-B6FA-AEBC25284A66}.DebugNativeOnly|Win32.ActiveCfg = Debug|Any CPU
		{AC139952-261A-4463-B6FA-AEBC25284A66}.DebugNativeOnly|x64.ActiveCfg = Debug|Any CPU
		{AC139952-261A-4463-B6FA-AEBC25284A66}.Release|Any CPU.ActiveCfg = Release|Any CPU
		{AC139952-261A-4463-B6FA-AEBC25284A66}.Release|Any CPU.Build.0 = Release|Any CPU
		{AC139952-261A-4463-B6FA-AEBC25284A66}.Release|Mixed Platforms.ActiveCfg = Release|Any CPU
		{AC139952-261A-4463-B6FA-AEBC25284A66}.Release|Mixed Platforms.Build.0 = Release|Any CPU
		{AC139952-261A-4463-B6FA-AEBC25284A66}.Release|Pocket PC 2003 (ARMV4).ActiveCfg = Release|Any CPU
		{AC139952-261A-4463-B6FA-AEBC25284A66}.Release|Win32.ActiveCfg = Release|Any CPU
		{AC139952-261A-4463-B6FA-AEBC25284A66}.Release|Win32.Build.0 = Release|Any CPU
		{AC139952-261A-4463-B6FA-AEBC25284A66}.Release|x64.ActiveCfg = Release|Any CPU
		{AC139952-261A-4463-B6FA-AEBC25284A66}.Release|x64.Build.0 = Release|Any CPU
		{AC139952-261A-4463-B6FA-AEBC25284A66}.ReleaseManagedOnly|Any CPU.ActiveCfg = Release|Any CPU
		{AC139952-261A-4463-B6FA-AEBC25284A66}.ReleaseManagedOnly|Any CPU.Build.0 = Release|Any CPU
		{AC139952-261A-4463-B6FA-AEBC25284A66}.ReleaseManagedOnly|Mixed Platforms.ActiveCfg = Release|Any CPU
		{AC139952-261A-4463-B6FA-AEBC25284A66}.ReleaseManagedOnly|Mixed Platforms.Build.0 = Release|Any CPU
		{AC139952-261A-4463-B6FA-AEBC25284A66}.ReleaseManagedOnly|Pocket PC 2003 (ARMV4).ActiveCfg = Release|Any CPU
		{AC139952-261A-4463-B6FA-AEBC25284A66}.ReleaseManagedOnly|Win32.ActiveCfg = Release|Any CPU
		{AC139952-261A-4463-B6FA-AEBC25284A66}.ReleaseManagedOnly|Win32.Build.0 = Release|Any CPU
		{AC139952-261A-4463-B6FA-AEBC25284A66}.ReleaseManagedOnly|x64.ActiveCfg = Release|Any CPU
		{AC139952-261A-4463-B6FA-AEBC25284A66}.ReleaseManagedOnly|x64.Build.0 = Release|Any CPU
		{AC139952-261A-4463-B6FA-AEBC25284A66}.ReleaseNativeOnly|Any CPU.ActiveCfg = Release|Any CPU
		{AC139952-261A-4463-B6FA-AEBC25284A66}.ReleaseNativeOnly|Mixed Platforms.ActiveCfg = Release|Any CPU
		{AC139952-261A-4463-B6FA-AEBC25284A66}.ReleaseNativeOnly|Pocket PC 2003 (ARMV4).ActiveCfg = Release|Any CPU
		{AC139952-261A-4463-B6FA-AEBC25284A66}.ReleaseNativeOnly|Win32.ActiveCfg = Release|Any CPU
		{AC139952-261A-4463-B6FA-AEBC25284A66}.ReleaseNativeOnly|x64.ActiveCfg = Release|Any CPU
		{E27B1B1E-19C0-45E8-AA74-B6E1C041A130}.Debug|Any CPU.ActiveCfg = Debug|Any CPU
		{E27B1B1E-19C0-45E8-AA74-B6E1C041A130}.Debug|Any CPU.Build.0 = Debug|Any CPU
		{E27B1B1E-19C0-45E8-AA74-B6E1C041A130}.Debug|Mixed Platforms.ActiveCfg = Debug|Any CPU
		{E27B1B1E-19C0-45E8-AA74-B6E1C041A130}.Debug|Mixed Platforms.Build.0 = Debug|Any CPU
		{E27B1B1E-19C0-45E8-AA74-B6E1C041A130}.Debug|Pocket PC 2003 (ARMV4).ActiveCfg = Debug|Any CPU
		{E27B1B1E-19C0-45E8-AA74-B6E1C041A130}.Debug|Win32.ActiveCfg = Debug|Any CPU
		{E27B1B1E-19C0-45E8-AA74-B6E1C041A130}.Debug|Win32.Build.0 = Debug|Any CPU
		{E27B1B1E-19C0-45E8-AA74-B6E1C041A130}.Debug|x64.ActiveCfg = Debug|Any CPU
		{E27B1B1E-19C0-45E8-AA74-B6E1C041A130}.Debug|x64.Build.0 = Debug|Any CPU
		{E27B1B1E-19C0-45E8-AA74-B6E1C041A130}.DebugManagedOnly|Any CPU.ActiveCfg = Debug|Any CPU
		{E27B1B1E-19C0-45E8-AA74-B6E1C041A130}.DebugManagedOnly|Any CPU.Build.0 = Debug|Any CPU
		{E27B1B1E-19C0-45E8-AA74-B6E1C041A130}.DebugManagedOnly|Mixed Platforms.ActiveCfg = Debug|Any CPU
		{E27B1B1E-19C0-45E8-AA74-B6E1C041A130}.DebugManagedOnly|Mixed Platforms.Build.0 = Debug|Any CPU
		{E27B1B1E-19C0-45E8-AA74-B6E1C041A130}.DebugManagedOnly|Pocket PC 2003 (ARMV4).ActiveCfg = Debug|Any CPU
		{E27B1B1E-19C0-45E8-AA74-B6E1C041A130}.DebugManagedOnly|Win32.ActiveCfg = Debug|Any CPU
		{E27B1B1E-19C0-45E8-AA74-B6E1C041A130}.DebugManagedOnly|Win32.Build.0 = Debug|Any CPU
		{E27B1B1E-19C0-45E8-AA74-B6E1C041A130}.DebugManagedOnly|x64.ActiveCfg = Debug|Any CPU
		{E27B1B1E-19C0-45E8-AA74-B6E1C041A130}.DebugManagedOnly|x64.Build.0 = Debug|Any CPU
		{E27B1B1E-19C0-45E8-AA74-B6E1C041A130}.DebugNativeOnly|Any CPU.ActiveCfg = Debug|Any CPU
		{E27B1B1E-19C0-45E8-AA74-B6E1C041A130}.DebugNativeOnly|Mixed Platforms.ActiveCfg = Debug|Any CPU
		{E27B1B1E-19C0-45E8-AA74-B6E1C041A130}.DebugNativeOnly|Pocket PC 2003 (ARMV4).ActiveCfg = Debug|Any CPU
		{E27B1B1E-19C0-45E8-AA74-B6E1C041A130}.DebugNativeOnly|Win32.ActiveCfg = Debug|Any CPU
		{E27B1B1E-19C0-45E8-AA74-B6E1C041A130}.DebugNativeOnly|x64.ActiveCfg = Debug|Any CPU
		{E27B1B1E-19C0-45E8-AA74-B6E1C041A130}.Release|Any CPU.ActiveCfg = Release|Any CPU
		{E27B1B1E-19C0-45E8-AA74-B6E1C041A130}.Release|Any CPU.Build.0 = Release|Any CPU
		{E27B1B1E-19C0-45E8-AA74-B6E1C041A130}.Release|Mixed Platforms.ActiveCfg = Release|Any CPU
		{E27B1B1E-19C0-45E8-AA74-B6E1C041A130}.Release|Mixed Platforms.Build.0 = Release|Any CPU
		{E27B1B1E-19C0-45E8-AA74-B6E1C041A130}.Release|Pocket PC 2003 (ARMV4).ActiveCfg = Release|Any CPU
		{E27B1B1E-19C0-45E8-AA74-B6E1C041A130}.Release|Win32.ActiveCfg = Release|Any CPU
		{E27B1B1E-19C0-45E8-AA74-B6E1C041A130}.Release|Win32.Build.0 = Release|Any CPU
		{E27B1B1E-19C0-45E8-AA74-B6E1C041A130}.Release|x64.ActiveCfg = Release|Any CPU
		{E27B1B1E-19C0-45E8-AA74-B6E1C041A130}.Release|x64.Build.0 = Release|Any CPU
		{E27B1B1E-19C0-45E8-AA74-B6E1C041A130}.ReleaseManagedOnly|Any CPU.ActiveCfg = Release|Any CPU
		{E27B1B1E-19C0-45E8-AA74-B6E1C041A130}.ReleaseManagedOnly|Any CPU.Build.0 = Release|Any CPU
		{E27B1B1E-19C0-45E8-AA74-B6E1C041A130}.ReleaseManagedOnly|Mixed Platforms.ActiveCfg = Release|Any CPU
		{E27B1B1E-19C0-45E8-AA74-B6E1C041A130}.ReleaseManagedOnly|Mixed Platforms.Build.0 = Release|Any CPU
		{E27B1B1E-19C0-45E8-AA74-B6E1C041A130}.ReleaseManagedOnly|Pocket PC 2003 (ARMV4).ActiveCfg = Release|Any CPU
		{E27B1B1E-19C0-45E8-AA74-B6E1C041A130}.ReleaseManagedOnly|Win32.ActiveCfg = Release|Any CPU
		{E27B1B1E-19C0-45E8-AA74-B6E1C041A130}.ReleaseManagedOnly|Win32.Build.0 = Release|Any CPU
		{E27B1B1E-19C0-45E8-AA74-B6E1C041A130}.ReleaseManagedOnly|x64.ActiveCfg = Release|Any CPU
		{E27B1B1E-19C0-45E8-AA74-B6E1C041A130}.ReleaseManagedOnly|x64.Build.0 = Release|Any CPU
		{E27B1B1E-19C0-45E8-AA74-B6E1C041A130}.ReleaseNativeOnly|Any CPU.ActiveCfg = Release|Any CPU
		{E27B1B1E-19C0-45E8-AA74-B6E1C041A130}.ReleaseNativeOnly|Mixed Platforms.ActiveCfg = Release|Any CPU
		{E27B1B1E-19C0-45E8-AA74-B6E1C041A130}.ReleaseNativeOnly|Pocket PC 2003 (ARMV4).ActiveCfg = Release|Any CPU
		{E27B1B1E-19C0-45E8-AA74-B6E1C041A130}.ReleaseNativeOnly|Win32.ActiveCfg = Release|Any CPU
		{E27B1B1E-19C0-45E8-AA74-B6E1C041A130}.ReleaseNativeOnly|x64.ActiveCfg = Release|Any CPU
		{53784BC1-A8BC-4AC8-8A3E-158D6807345A}.Debug|Any CPU.ActiveCfg = Debug|Win32
		{53784BC1-A8BC-4AC8-8A3E-158D6807345A}.Debug|Any CPU.Build.0 = Debug|Win32
		{53784BC1-A8BC-4AC8-8A3E-158D6807345A}.Debug|Mixed Platforms.ActiveCfg = Debug|Win32
		{53784BC1-A8BC-4AC8-8A3E-158D6807345A}.Debug|Mixed Platforms.Build.0 = Debug|Win32
		{53784BC1-A8BC-4AC8-8A3E-158D6807345A}.Debug|Pocket PC 2003 (ARMV4).ActiveCfg = Debug|Win32
		{53784BC1-A8BC-4AC8-8A3E-158D6807345A}.Debug|Win32.ActiveCfg = Debug|Win32
		{53784BC1-A8BC-4AC8-8A3E-158D6807345A}.Debug|Win32.Build.0 = Debug|Win32
		{53784BC1-A8BC-4AC8-8A3E-158D6807345A}.Debug|x64.ActiveCfg = Debug|x64
		{53784BC1-A8BC-4AC8-8A3E-158D6807345A}.Debug|x64.Build.0 = Debug|x64
		{53784BC1-A8BC-4AC8-8A3E-158D6807345A}.DebugManagedOnly|Any CPU.ActiveCfg = DebugNativeOnly|Win32
		{53784BC1-A8BC-4AC8-8A3E-158D6807345A}.DebugManagedOnly|Mixed Platforms.ActiveCfg = DebugNativeOnly|Win32
		{53784BC1-A8BC-4AC8-8A3E-158D6807345A}.DebugManagedOnly|Pocket PC 2003 (ARMV4).ActiveCfg = DebugNativeOnly|Win32
		{53784BC1-A8BC-4AC8-8A3E-158D6807345A}.DebugManagedOnly|Win32.ActiveCfg = DebugNativeOnly|Win32
		{53784BC1-A8BC-4AC8-8A3E-158D6807345A}.DebugManagedOnly|x64.ActiveCfg = DebugNativeOnly|x64
		{53784BC1-A8BC-4AC8-8A3E-158D6807345A}.DebugNativeOnly|Any CPU.ActiveCfg = DebugNativeOnly|Win32
		{53784BC1-A8BC-4AC8-8A3E-158D6807345A}.DebugNativeOnly|Any CPU.Build.0 = DebugNativeOnly|Win32
		{53784BC1-A8BC-4AC8-8A3E-158D6807345A}.DebugNativeOnly|Mixed Platforms.ActiveCfg = DebugNativeOnly|Win32
		{53784BC1-A8BC-4AC8-8A3E-158D6807345A}.DebugNativeOnly|Mixed Platforms.Build.0 = DebugNativeOnly|Win32
		{53784BC1-A8BC-4AC8-8A3E-158D6807345A}.DebugNativeOnly|Pocket PC 2003 (ARMV4).ActiveCfg = DebugNativeOnly|Win32
		{53784BC1-A8BC-4AC8-8A3E-158D6807345A}.DebugNativeOnly|Win32.ActiveCfg = DebugNativeOnly|Win32
		{53784BC1-A8BC-4AC8-8A3E-158D6807345A}.DebugNativeOnly|Win32.Build.0 = DebugNativeOnly|Win32
		{53784BC1-A8BC-4AC8-8A3E-158D6807345A}.DebugNativeOnly|x64.ActiveCfg = DebugNativeOnly|x64
		{53784BC1-A8BC-4AC8-8A3E-158D6807345A}.DebugNativeOnly|x64.Build.0 = DebugNativeOnly|x64
		{53784BC1-A8BC-4AC8-8A3E-158D6807345A}.Release|Any CPU.ActiveCfg = Release|Win32
		{53784BC1-A8BC-4AC8-8A3E-158D6807345A}.Release|Any CPU.Build.0 = Release|Win32
		{53784BC1-A8BC-4AC8-8A3E-158D6807345A}.Release|Mixed Platforms.ActiveCfg = Release|Win32
		{53784BC1-A8BC-4AC8-8A3E-158D6807345A}.Release|Mixed Platforms.Build.0 = Release|Win32
		{53784BC1-A8BC-4AC8-8A3E-158D6807345A}.Release|Pocket PC 2003 (ARMV4).ActiveCfg = Release|Win32
		{53784BC1-A8BC-4AC8-8A3E-158D6807345A}.Release|Win32.ActiveCfg = Release|Win32
		{53784BC1-A8BC-4AC8-8A3E-158D6807345A}.Release|Win32.Build.0 = Release|Win32
		{53784BC1-A8BC-4AC8-8A3E-158D6807345A}.Release|x64.ActiveCfg = Release|x64
		{53784BC1-A8BC-4AC8-8A3E-158D6807345A}.Release|x64.Build.0 = Release|x64
		{53784BC1-A8BC-4AC8-8A3E-158D6807345A}.ReleaseManagedOnly|Any CPU.ActiveCfg = ReleaseNativeOnly|Win32
		{53784BC1-A8BC-4AC8-8A3E-158D6807345A}.ReleaseManagedOnly|Mixed Platforms.ActiveCfg = ReleaseNativeOnly|Win32
		{53784BC1-A8BC-4AC8-8A3E-158D6807345A}.ReleaseManagedOnly|Pocket PC 2003 (ARMV4).ActiveCfg = ReleaseNativeOnly|Win32
		{53784BC1-A8BC-4AC8-8A3E-158D6807345A}.ReleaseManagedOnly|Win32.ActiveCfg = ReleaseNativeOnly|Win32
		{53784BC1-A8BC-4AC8-8A3E-158D6807345A}.ReleaseManagedOnly|x64.ActiveCfg = ReleaseNativeOnly|x64
		{53784BC1-A8BC-4AC8-8A3E-158D6807345A}.ReleaseNativeOnly|Any CPU.ActiveCfg = ReleaseNativeOnly|Win32
		{53784BC1-A8BC-4AC8-8A3E-158D6807345A}.ReleaseNativeOnly|Any CPU.Build.0 = ReleaseNativeOnly|Win32
		{53784BC1-A8BC-4AC8-8A3E-158D6807345A}.ReleaseNativeOnly|Mixed Platforms.ActiveCfg = ReleaseNativeOnly|Win32
		{53784BC1-A8BC-4AC8-8A3E-158D6807345A}.ReleaseNativeOnly|Mixed Platforms.Build.0 = ReleaseNativeOnly|Win32
		{53784BC1-A8BC-4AC8-8A3E-158D6807345A}.ReleaseNativeOnly|Pocket PC 2003 (ARMV4).ActiveCfg = ReleaseNativeOnly|Win32
		{53784BC1-A8BC-4AC8-8A3E-158D6807345A}.ReleaseNativeOnly|Win32.ActiveCfg = ReleaseNativeOnly|Win32
		{53784BC1-A8BC-4AC8-8A3E-158D6807345A}.ReleaseNativeOnly|Win32.Build.0 = ReleaseNativeOnly|Win32
		{53784BC1-A8BC-4AC8-8A3E-158D6807345A}.ReleaseNativeOnly|x64.ActiveCfg = ReleaseNativeOnly|x64
		{53784BC1-A8BC-4AC8-8A3E-158D6807345A}.ReleaseNativeOnly|x64.Build.0 = ReleaseNativeOnly|x64
		{9B4A5CF6-5BE5-4926-ACC7-B729A8C05198}.Debug|Any CPU.ActiveCfg = Debug|Any CPU
		{9B4A5CF6-5BE5-4926-ACC7-B729A8C05198}.Debug|Any CPU.Build.0 = Debug|Any CPU
		{9B4A5CF6-5BE5-4926-ACC7-B729A8C05198}.Debug|Mixed Platforms.ActiveCfg = Debug|Any CPU
		{9B4A5CF6-5BE5-4926-ACC7-B729A8C05198}.Debug|Mixed Platforms.Build.0 = Debug|Any CPU
		{9B4A5CF6-5BE5-4926-ACC7-B729A8C05198}.Debug|Pocket PC 2003 (ARMV4).ActiveCfg = Debug|Any CPU
		{9B4A5CF6-5BE5-4926-ACC7-B729A8C05198}.Debug|Win32.ActiveCfg = Debug|Any CPU
		{9B4A5CF6-5BE5-4926-ACC7-B729A8C05198}.Debug|Win32.Build.0 = Debug|Any CPU
		{9B4A5CF6-5BE5-4926-ACC7-B729A8C05198}.Debug|x64.ActiveCfg = Debug|Any CPU
		{9B4A5CF6-5BE5-4926-ACC7-B729A8C05198}.Debug|x64.Build.0 = Debug|Any CPU
		{9B4A5CF6-5BE5-4926-ACC7-B729A8C05198}.DebugManagedOnly|Any CPU.ActiveCfg = Debug|Any CPU
		{9B4A5CF6-5BE5-4926-ACC7-B729A8C05198}.DebugManagedOnly|Any CPU.Build.0 = Debug|Any CPU
		{9B4A5CF6-5BE5-4926-ACC7-B729A8C05198}.DebugManagedOnly|Mixed Platforms.ActiveCfg = Debug|Any CPU
		{9B4A5CF6-5BE5-4926-ACC7-B729A8C05198}.DebugManagedOnly|Mixed Platforms.Build.0 = Debug|Any CPU
		{9B4A5CF6-5BE5-4926-ACC7-B729A8C05198}.DebugManagedOnly|Pocket PC 2003 (ARMV4).ActiveCfg = Debug|Any CPU
		{9B4A5CF6-5BE5-4926-ACC7-B729A8C05198}.DebugManagedOnly|Win32.ActiveCfg = Debug|Any CPU
		{9B4A5CF6-5BE5-4926-ACC7-B729A8C05198}.DebugManagedOnly|Win32.Build.0 = Debug|Any CPU
		{9B4A5CF6-5BE5-4926-ACC7-B729A8C05198}.DebugManagedOnly|x64.ActiveCfg = Debug|Any CPU
		{9B4A5CF6-5BE5-4926-ACC7-B729A8C05198}.DebugManagedOnly|x64.Build.0 = Debug|Any CPU
		{9B4A5CF6-5BE5-4926-ACC7-B729A8C05198}.DebugNativeOnly|Any CPU.ActiveCfg = Debug|Any CPU
		{9B4A5CF6-5BE5-4926-ACC7-B729A8C05198}.DebugNativeOnly|Mixed Platforms.ActiveCfg = Debug|Any CPU
		{9B4A5CF6-5BE5-4926-ACC7-B729A8C05198}.DebugNativeOnly|Pocket PC 2003 (ARMV4).ActiveCfg = Debug|Any CPU
		{9B4A5CF6-5BE5-4926-ACC7-B729A8C05198}.DebugNativeOnly|Win32.ActiveCfg = Debug|Any CPU
		{9B4A5CF6-5BE5-4926-ACC7-B729A8C05198}.DebugNativeOnly|x64.ActiveCfg = Debug|Any CPU
		{9B4A5CF6-5BE5-4926-ACC7-B729A8C05198}.Release|Any CPU.ActiveCfg = Release|Any CPU
		{9B4A5CF6-5BE5-4926-ACC7-B729A8C05198}.Release|Any CPU.Build.0 = Release|Any CPU
		{9B4A5CF6-5BE5-4926-ACC7-B729A8C05198}.Release|Mixed Platforms.ActiveCfg = Release|Any CPU
		{9B4A5CF6-5BE5-4926-ACC7-B729A8C05198}.Release|Mixed Platforms.Build.0 = Release|Any CPU
		{9B4A5CF6-5BE5-4926-ACC7-B729A8C05198}.Release|Pocket PC 2003 (ARMV4).ActiveCfg = Release|Any CPU
		{9B4A5CF6-5BE5-4926-ACC7-B729A8C05198}.Release|Win32.ActiveCfg = Release|Any CPU
		{9B4A5CF6-5BE5-4926-ACC7-B729A8C05198}.Release|Win32.Build.0 = Release|Any CPU
		{9B4A5CF6-5BE5-4926-ACC7-B729A8C05198}.Release|x64.ActiveCfg = Release|Any CPU
		{9B4A5CF6-5BE5-4926-ACC7-B729A8C05198}.Release|x64.Build.0 = Release|Any CPU
		{9B4A5CF6-5BE5-4926-ACC7-B729A8C05198}.ReleaseManagedOnly|Any CPU.ActiveCfg = Release|Any CPU
		{9B4A5CF6-5BE5-4926-ACC7-B729A8C05198}.ReleaseManagedOnly|Any CPU.Build.0 = Release|Any CPU
		{9B4A5CF6-5BE5-4926-ACC7-B729A8C05198}.ReleaseManagedOnly|Mixed Platforms.ActiveCfg = Release|Any CPU
		{9B4A5CF6-5BE5-4926-ACC7-B729A8C05198}.ReleaseManagedOnly|Mixed Platforms.Build.0 = Release|Any CPU
		{9B4A5CF6-5BE5-4926-ACC7-B729A8C05198}.ReleaseManagedOnly|Pocket PC 2003 (ARMV4).ActiveCfg = Release|Any CPU
		{9B4A5CF6-5BE5-4926-ACC7-B729A8C05198}.ReleaseManagedOnly|Win32.ActiveCfg = Release|Any CPU
		{9B4A5CF6-5BE5-4926-ACC7-B729A8C05198}.ReleaseManagedOnly|Win32.Build.0 = Release|Any CPU
		{9B4A5CF6-5BE5-4926-ACC7-B729A8C05198}.ReleaseManagedOnly|x64.ActiveCfg = Release|Any CPU
		{9B4A5CF6-5BE5-4926-ACC7-B729A8C05198}.ReleaseManagedOnly|x64.Build.0 = Release|Any CPU
		{9B4A5CF6-5BE5-4926-ACC7-B729A8C05198}.ReleaseNativeOnly|Any CPU.ActiveCfg = Release|Any CPU
		{9B4A5CF6-5BE5-4926-ACC7-B729A8C05198}.ReleaseNativeOnly|Mixed Platforms.ActiveCfg = Release|Any CPU
		{9B4A5CF6-5BE5-4926-ACC7-B729A8C05198}.ReleaseNativeOnly|Pocket PC 2003 (ARMV4).ActiveCfg = Release|Any CPU
		{9B4A5CF6-5BE5-4926-ACC7-B729A8C05198}.ReleaseNativeOnly|Win32.ActiveCfg = Release|Any CPU
		{9B4A5CF6-5BE5-4926-ACC7-B729A8C05198}.ReleaseNativeOnly|x64.ActiveCfg = Release|Any CPU
		{AC139951-261A-4463-B6FA-AEBC25283A66}.Debug|Any CPU.ActiveCfg = Debug|Any CPU
		{AC139951-261A-4463-B6FA-AEBC25283A66}.Debug|Any CPU.Build.0 = Debug|Any CPU
		{AC139951-261A-4463-B6FA-AEBC25283A66}.Debug|Mixed Platforms.ActiveCfg = Debug|Any CPU
		{AC139951-261A-4463-B6FA-AEBC25283A66}.Debug|Mixed Platforms.Build.0 = Debug|Any CPU
		{AC139951-261A-4463-B6FA-AEBC25283A66}.Debug|Pocket PC 2003 (ARMV4).ActiveCfg = Debug|Any CPU
		{AC139951-261A-4463-B6FA-AEBC25283A66}.Debug|Pocket PC 2003 (ARMV4).Build.0 = Debug|Any CPU
		{AC139951-261A-4463-B6FA-AEBC25283A66}.Debug|Win32.ActiveCfg = Debug|Any CPU
		{AC139951-261A-4463-B6FA-AEBC25283A66}.Debug|x64.ActiveCfg = Debug|Any CPU
		{AC139951-261A-4463-B6FA-AEBC25283A66}.DebugManagedOnly|Any CPU.ActiveCfg = Debug|Any CPU
		{AC139951-261A-4463-B6FA-AEBC25283A66}.DebugManagedOnly|Any CPU.Build.0 = Debug|Any CPU
		{AC139951-261A-4463-B6FA-AEBC25283A66}.DebugManagedOnly|Mixed Platforms.ActiveCfg = Debug|Any CPU
		{AC139951-261A-4463-B6FA-AEBC25283A66}.DebugManagedOnly|Mixed Platforms.Build.0 = Debug|Any CPU
		{AC139951-261A-4463-B6FA-AEBC25283A66}.DebugManagedOnly|Pocket PC 2003 (ARMV4).ActiveCfg = Debug|Any CPU
		{AC139951-261A-4463-B6FA-AEBC25283A66}.DebugManagedOnly|Pocket PC 2003 (ARMV4).Build.0 = Debug|Any CPU
		{AC139951-261A-4463-B6FA-AEBC25283A66}.DebugManagedOnly|Win32.ActiveCfg = Debug|Any CPU
		{AC139951-261A-4463-B6FA-AEBC25283A66}.DebugManagedOnly|x64.ActiveCfg = Debug|Any CPU
		{AC139951-261A-4463-B6FA-AEBC25283A66}.DebugNativeOnly|Any CPU.ActiveCfg = Debug|Any CPU
		{AC139951-261A-4463-B6FA-AEBC25283A66}.DebugNativeOnly|Mixed Platforms.ActiveCfg = Debug|Any CPU
		{AC139951-261A-4463-B6FA-AEBC25283A66}.DebugNativeOnly|Pocket PC 2003 (ARMV4).ActiveCfg = Debug|Any CPU
		{AC139951-261A-4463-B6FA-AEBC25283A66}.DebugNativeOnly|Win32.ActiveCfg = Debug|Any CPU
		{AC139951-261A-4463-B6FA-AEBC25283A66}.DebugNativeOnly|x64.ActiveCfg = Debug|Any CPU
		{AC139951-261A-4463-B6FA-AEBC25283A66}.Release|Any CPU.ActiveCfg = Release|Any CPU
		{AC139951-261A-4463-B6FA-AEBC25283A66}.Release|Any CPU.Build.0 = Release|Any CPU
		{AC139951-261A-4463-B6FA-AEBC25283A66}.Release|Mixed Platforms.ActiveCfg = Release|Any CPU
		{AC139951-261A-4463-B6FA-AEBC25283A66}.Release|Mixed Platforms.Build.0 = Release|Any CPU
		{AC139951-261A-4463-B6FA-AEBC25283A66}.Release|Pocket PC 2003 (ARMV4).ActiveCfg = Release|Any CPU
		{AC139951-261A-4463-B6FA-AEBC25283A66}.Release|Pocket PC 2003 (ARMV4).Build.0 = Release|Any CPU
		{AC139951-261A-4463-B6FA-AEBC25283A66}.Release|Win32.ActiveCfg = Release|Any CPU
		{AC139951-261A-4463-B6FA-AEBC25283A66}.Release|x64.ActiveCfg = Release|Any CPU
		{AC139951-261A-4463-B6FA-AEBC25283A66}.ReleaseManagedOnly|Any CPU.ActiveCfg = Release|Any CPU
		{AC139951-261A-4463-B6FA-AEBC25283A66}.ReleaseManagedOnly|Any CPU.Build.0 = Release|Any CPU
		{AC139951-261A-4463-B6FA-AEBC25283A66}.ReleaseManagedOnly|Mixed Platforms.ActiveCfg = Release|Any CPU
		{AC139951-261A-4463-B6FA-AEBC25283A66}.ReleaseManagedOnly|Mixed Platforms.Build.0 = Release|Any CPU
		{AC139951-261A-4463-B6FA-AEBC25283A66}.ReleaseManagedOnly|Pocket PC 2003 (ARMV4).ActiveCfg = Release|Any CPU
		{AC139951-261A-4463-B6FA-AEBC25283A66}.ReleaseManagedOnly|Pocket PC 2003 (ARMV4).Build.0 = Release|Any CPU
		{AC139951-261A-4463-B6FA-AEBC25283A66}.ReleaseManagedOnly|Win32.ActiveCfg = Release|Any CPU
		{AC139951-261A-4463-B6FA-AEBC25283A66}.ReleaseManagedOnly|x64.ActiveCfg = Release|Any CPU
		{AC139951-261A-4463-B6FA-AEBC25283A66}.ReleaseNativeOnly|Any CPU.ActiveCfg = Release|Any CPU
		{AC139951-261A-4463-B6FA-AEBC25283A66}.ReleaseNativeOnly|Mixed Platforms.ActiveCfg = Release|Any CPU
		{AC139951-261A-4463-B6FA-AEBC25283A66}.ReleaseNativeOnly|Pocket PC 2003 (ARMV4).ActiveCfg = Release|Any CPU
		{AC139951-261A-4463-B6FA-AEBC25283A66}.ReleaseNativeOnly|Win32.ActiveCfg = Release|Any CPU
		{AC139951-261A-4463-B6FA-AEBC25283A66}.ReleaseNativeOnly|x64.ActiveCfg = Release|Any CPU
		{9E5A8F20-5F04-4629-B2E1-27B5E30F2AF6}.Debug|Any CPU.ActiveCfg = Debug|Pocket PC 2003 (ARMV4)
		{9E5A8F20-5F04-4629-B2E1-27B5E30F2AF6}.Debug|Any CPU.Build.0 = Debug|Pocket PC 2003 (ARMV4)
		{9E5A8F20-5F04-4629-B2E1-27B5E30F2AF6}.Debug|Any CPU.Deploy.0 = Debug|Pocket PC 2003 (ARMV4)
		{9E5A8F20-5F04-4629-B2E1-27B5E30F2AF6}.Debug|Mixed Platforms.ActiveCfg = Debug|Pocket PC 2003 (ARMV4)
		{9E5A8F20-5F04-4629-B2E1-27B5E30F2AF6}.Debug|Mixed Platforms.Build.0 = Debug|Pocket PC 2003 (ARMV4)
		{9E5A8F20-5F04-4629-B2E1-27B5E30F2AF6}.Debug|Mixed Platforms.Deploy.0 = Debug|Pocket PC 2003 (ARMV4)
		{9E5A8F20-5F04-4629-B2E1-27B5E30F2AF6}.Debug|Pocket PC 2003 (ARMV4).ActiveCfg = Debug|Pocket PC 2003 (ARMV4)
		{9E5A8F20-5F04-4629-B2E1-27B5E30F2AF6}.Debug|Pocket PC 2003 (ARMV4).Build.0 = Debug|Pocket PC 2003 (ARMV4)
		{9E5A8F20-5F04-4629-B2E1-27B5E30F2AF6}.Debug|Pocket PC 2003 (ARMV4).Deploy.0 = Debug|Pocket PC 2003 (ARMV4)
		{9E5A8F20-5F04-4629-B2E1-27B5E30F2AF6}.Debug|Win32.ActiveCfg = Debug|Pocket PC 2003 (ARMV4)
		{9E5A8F20-5F04-4629-B2E1-27B5E30F2AF6}.Debug|x64.ActiveCfg = Debug|Pocket PC 2003 (ARMV4)
		{9E5A8F20-5F04-4629-B2E1-27B5E30F2AF6}.DebugManagedOnly|Any CPU.ActiveCfg = Debug|Pocket PC 2003 (ARMV4)
		{9E5A8F20-5F04-4629-B2E1-27B5E30F2AF6}.DebugManagedOnly|Mixed Platforms.ActiveCfg = Debug|Pocket PC 2003 (ARMV4)
		{9E5A8F20-5F04-4629-B2E1-27B5E30F2AF6}.DebugManagedOnly|Pocket PC 2003 (ARMV4).ActiveCfg = Debug|Pocket PC 2003 (ARMV4)
		{9E5A8F20-5F04-4629-B2E1-27B5E30F2AF6}.DebugManagedOnly|Win32.ActiveCfg = Debug|Pocket PC 2003 (ARMV4)
		{9E5A8F20-5F04-4629-B2E1-27B5E30F2AF6}.DebugManagedOnly|x64.ActiveCfg = Debug|Pocket PC 2003 (ARMV4)
		{9E5A8F20-5F04-4629-B2E1-27B5E30F2AF6}.DebugNativeOnly|Any CPU.ActiveCfg = Debug|Pocket PC 2003 (ARMV4)
		{9E5A8F20-5F04-4629-B2E1-27B5E30F2AF6}.DebugNativeOnly|Any CPU.Build.0 = Debug|Pocket PC 2003 (ARMV4)
		{9E5A8F20-5F04-4629-B2E1-27B5E30F2AF6}.DebugNativeOnly|Any CPU.Deploy.0 = Debug|Pocket PC 2003 (ARMV4)
		{9E5A8F20-5F04-4629-B2E1-27B5E30F2AF6}.DebugNativeOnly|Mixed Platforms.ActiveCfg = Debug|Pocket PC 2003 (ARMV4)
		{9E5A8F20-5F04-4629-B2E1-27B5E30F2AF6}.DebugNativeOnly|Mixed Platforms.Build.0 = Debug|Pocket PC 2003 (ARMV4)
		{9E5A8F20-5F04-4629-B2E1-27B5E30F2AF6}.DebugNativeOnly|Mixed Platforms.Deploy.0 = Debug|Pocket PC 2003 (ARMV4)
		{9E5A8F20-5F04-4629-B2E1-27B5E30F2AF6}.DebugNativeOnly|Pocket PC 2003 (ARMV4).ActiveCfg = Debug|Pocket PC 2003 (ARMV4)
		{9E5A8F20-5F04-4629-B2E1-27B5E30F2AF6}.DebugNativeOnly|Pocket PC 2003 (ARMV4).Build.0 = Debug|Pocket PC 2003 (ARMV4)
		{9E5A8F20-5F04-4629-B2E1-27B5E30F2AF6}.DebugNativeOnly|Pocket PC 2003 (ARMV4).Deploy.0 = Debug|Pocket PC 2003 (ARMV4)
		{9E5A8F20-5F04-4629-B2E1-27B5E30F2AF6}.DebugNativeOnly|Win32.ActiveCfg = Debug|Pocket PC 2003 (ARMV4)
		{9E5A8F20-5F04-4629-B2E1-27B5E30F2AF6}.DebugNativeOnly|x64.ActiveCfg = Debug|Pocket PC 2003 (ARMV4)
		{9E5A8F20-5F04-4629-B2E1-27B5E30F2AF6}.Release|Any CPU.ActiveCfg = Release|Pocket PC 2003 (ARMV4)
		{9E5A8F20-5F04-4629-B2E1-27B5E30F2AF6}.Release|Any CPU.Build.0 = Release|Pocket PC 2003 (ARMV4)
		{9E5A8F20-5F04-4629-B2E1-27B5E30F2AF6}.Release|Any CPU.Deploy.0 = Release|Pocket PC 2003 (ARMV4)
		{9E5A8F20-5F04-4629-B2E1-27B5E30F2AF6}.Release|Mixed Platforms.ActiveCfg = Release|Pocket PC 2003 (ARMV4)
		{9E5A8F20-5F04-4629-B2E1-27B5E30F2AF6}.Release|Mixed Platforms.Build.0 = Release|Pocket PC 2003 (ARMV4)
		{9E5A8F20-5F04-4629-B2E1-27B5E30F2AF6}.Release|Mixed Platforms.Deploy.0 = Release|Pocket PC 2003 (ARMV4)
		{9E5A8F20-5F04-4629-B2E1-27B5E30F2AF6}.Release|Pocket PC 2003 (ARMV4).ActiveCfg = Release|Pocket PC 2003 (ARMV4)
		{9E5A8F20-5F04-4629-B2E1-27B5E30F2AF6}.Release|Pocket PC 2003 (ARMV4).Build.0 = Release|Pocket PC 2003 (ARMV4)
		{9E5A8F20-5F04-4629-B2E1-27B5E30F2AF6}.Release|Pocket PC 2003 (ARMV4).Deploy.0 = Release|Pocket PC 2003 (ARMV4)
		{9E5A8F20-5F04-4629-B2E1-27B5E30F2AF6}.Release|Win32.ActiveCfg = Release|Pocket PC 2003 (ARMV4)
		{9E5A8F20-5F04-4629-B2E1-27B5E30F2AF6}.Release|x64.ActiveCfg = Release|Pocket PC 2003 (ARMV4)
		{9E5A8F20-5F04-4629-B2E1-27B5E30F2AF6}.ReleaseManagedOnly|Any CPU.ActiveCfg = Release|Pocket PC 2003 (ARMV4)
		{9E5A8F20-5F04-4629-B2E1-27B5E30F2AF6}.ReleaseManagedOnly|Mixed Platforms.ActiveCfg = Release|Pocket PC 2003 (ARMV4)
		{9E5A8F20-5F04-4629-B2E1-27B5E30F2AF6}.ReleaseManagedOnly|Pocket PC 2003 (ARMV4).ActiveCfg = Release|Pocket PC 2003 (ARMV4)
		{9E5A8F20-5F04-4629-B2E1-27B5E30F2AF6}.ReleaseManagedOnly|Win32.ActiveCfg = Release|Pocket PC 2003 (ARMV4)
		{9E5A8F20-5F04-4629-B2E1-27B5E30F2AF6}.ReleaseManagedOnly|x64.ActiveCfg = Release|Pocket PC 2003 (ARMV4)
		{9E5A8F20-5F04-4629-B2E1-27B5E30F2AF6}.ReleaseNativeOnly|Any CPU.ActiveCfg = Release|Pocket PC 2003 (ARMV4)
		{9E5A8F20-5F04-4629-B2E1-27B5E30F2AF6}.ReleaseNativeOnly|Any CPU.Build.0 = Release|Pocket PC 2003 (ARMV4)
		{9E5A8F20-5F04-4629-B2E1-27B5E30F2AF6}.ReleaseNativeOnly|Any CPU.Deploy.0 = Release|Pocket PC 2003 (ARMV4)
		{9E5A8F20-5F04-4629-B2E1-27B5E30F2AF6}.ReleaseNativeOnly|Mixed Platforms.ActiveCfg = Release|Pocket PC 2003 (ARMV4)
		{9E5A8F20-5F04-4629-B2E1-27B5E30F2AF6}.ReleaseNativeOnly|Mixed Platforms.Build.0 = Release|Pocket PC 2003 (ARMV4)
		{9E5A8F20-5F04-4629-B2E1-27B5E30F2AF6}.ReleaseNativeOnly|Mixed Platforms.Deploy.0 = Release|Pocket PC 2003 (ARMV4)
		{9E5A8F20-5F04-4629-B2E1-27B5E30F2AF6}.ReleaseNativeOnly|Pocket PC 2003 (ARMV4).ActiveCfg = Release|Pocket PC 2003 (ARMV4)
		{9E5A8F20-5F04-4629-B2E1-27B5E30F2AF6}.ReleaseNativeOnly|Pocket PC 2003 (ARMV4).Build.0 = Release|Pocket PC 2003 (ARMV4)
		{9E5A8F20-5F04-4629-B2E1-27B5E30F2AF6}.ReleaseNativeOnly|Pocket PC 2003 (ARMV4).Deploy.0 = Release|Pocket PC 2003 (ARMV4)
		{9E5A8F20-5F04-4629-B2E1-27B5E30F2AF6}.ReleaseNativeOnly|Win32.ActiveCfg = Release|Pocket PC 2003 (ARMV4)
		{9E5A8F20-5F04-4629-B2E1-27B5E30F2AF6}.ReleaseNativeOnly|x64.ActiveCfg = Release|Pocket PC 2003 (ARMV4)
		{B86CE504-C4E4-496F-A0F0-E613BCFD3DF7}.Debug|Any CPU.ActiveCfg = Debug|Any CPU
		{B86CE504-C4E4-496F-A0F0-E613BCFD3DF7}.Debug|Any CPU.Build.0 = Debug|Any CPU
		{B86CE504-C4E4-496F-A0F0-E613BCFD3DF7}.Debug|Any CPU.Deploy.0 = Debug|Any CPU
		{B86CE504-C4E4-496F-A0F0-E613BCFD3DF7}.Debug|Mixed Platforms.ActiveCfg = Debug|Any CPU
		{B86CE504-C4E4-496F-A0F0-E613BCFD3DF7}.Debug|Mixed Platforms.Build.0 = Debug|Any CPU
		{B86CE504-C4E4-496F-A0F0-E613BCFD3DF7}.Debug|Mixed Platforms.Deploy.0 = Debug|Any CPU
		{B86CE504-C4E4-496F-A0F0-E613BCFD3DF7}.Debug|Pocket PC 2003 (ARMV4).ActiveCfg = Debug|Any CPU
		{B86CE504-C4E4-496F-A0F0-E613BCFD3DF7}.Debug|Pocket PC 2003 (ARMV4).Build.0 = Debug|Any CPU
		{B86CE504-C4E4-496F-A0F0-E613BCFD3DF7}.Debug|Pocket PC 2003 (ARMV4).Deploy.0 = Debug|Any CPU
		{B86CE504-C4E4-496F-A0F0-E613BCFD3DF7}.Debug|Win32.ActiveCfg = Debug|Any CPU
		{B86CE504-C4E4-496F-A0F0-E613BCFD3DF7}.Debug|x64.ActiveCfg = Debug|Any CPU
		{B86CE504-C4E4-496F-A0F0-E613BCFD3DF7}.DebugManagedOnly|Any CPU.ActiveCfg = Debug|Any CPU
		{B86CE504-C4E4-496F-A0F0-E613BCFD3DF7}.DebugManagedOnly|Any CPU.Build.0 = Debug|Any CPU
		{B86CE504-C4E4-496F-A0F0-E613BCFD3DF7}.DebugManagedOnly|Any CPU.Deploy.0 = Debug|Any CPU
		{B86CE504-C4E4-496F-A0F0-E613BCFD3DF7}.DebugManagedOnly|Mixed Platforms.ActiveCfg = Debug|Any CPU
		{B86CE504-C4E4-496F-A0F0-E613BCFD3DF7}.DebugManagedOnly|Mixed Platforms.Build.0 = Debug|Any CPU
		{B86CE504-C4E4-496F-A0F0-E613BCFD3DF7}.DebugManagedOnly|Mixed Platforms.Deploy.0 = Debug|Any CPU
		{B86CE504-C4E4-496F-A0F0-E613BCFD3DF7}.DebugManagedOnly|Pocket PC 2003 (ARMV4).ActiveCfg = Debug|Any CPU
		{B86CE504-C4E4-496F-A0F0-E613BCFD3DF7}.DebugManagedOnly|Pocket PC 2003 (ARMV4).Build.0 = Debug|Any CPU
		{B86CE504-C4E4-496F-A0F0-E613BCFD3DF7}.DebugManagedOnly|Pocket PC 2003 (ARMV4).Deploy.0 = Debug|Any CPU
		{B86CE504-C4E4-496F-A0F0-E613BCFD3DF7}.DebugManagedOnly|Win32.ActiveCfg = Debug|Any CPU
		{B86CE504-C4E4-496F-A0F0-E613BCFD3DF7}.DebugManagedOnly|x64.ActiveCfg = Debug|Any CPU
		{B86CE504-C4E4-496F-A0F0-E613BCFD3DF7}.DebugNativeOnly|Any CPU.ActiveCfg = Debug|Any CPU
		{B86CE504-C4E4-496F-A0F0-E613BCFD3DF7}.DebugNativeOnly|Mixed Platforms.ActiveCfg = Debug|Any CPU
		{B86CE504-C4E4-496F-A0F0-E613BCFD3DF7}.DebugNativeOnly|Pocket PC 2003 (ARMV4).ActiveCfg = Debug|Any CPU
		{B86CE504-C4E4-496F-A0F0-E613BCFD3DF7}.DebugNativeOnly|Win32.ActiveCfg = Debug|Any CPU
		{B86CE504-C4E4-496F-A0F0-E613BCFD3DF7}.DebugNativeOnly|x64.ActiveCfg = Debug|Any CPU
		{B86CE504-C4E4-496F-A0F0-E613BCFD3DF7}.Release|Any CPU.ActiveCfg = Release|Any CPU
		{B86CE504-C4E4-496F-A0F0-E613BCFD3DF7}.Release|Any CPU.Build.0 = Release|Any CPU
		{B86CE504-C4E4-496F-A0F0-E613BCFD3DF7}.Release|Any CPU.Deploy.0 = Release|Any CPU
		{B86CE504-C4E4-496F-A0F0-E613BCFD3DF7}.Release|Mixed Platforms.ActiveCfg = Release|Any CPU
		{B86CE504-C4E4-496F-A0F0-E613BCFD3DF7}.Release|Mixed Platforms.Build.0 = Release|Any CPU
		{B86CE504-C4E4-496F-A0F0-E613BCFD3DF7}.Release|Mixed Platforms.Deploy.0 = Release|Any CPU
		{B86CE504-C4E4-496F-A0F0-E613BCFD3DF7}.Release|Pocket PC 2003 (ARMV4).ActiveCfg = Release|Any CPU
		{B86CE504-C4E4-496F-A0F0-E613BCFD3DF7}.Release|Pocket PC 2003 (ARMV4).Build.0 = Release|Any CPU
		{B86CE504-C4E4-496F-A0F0-E613BCFD3DF7}.Release|Pocket PC 2003 (ARMV4).Deploy.0 = Release|Any CPU
		{B86CE504-C4E4-496F-A0F0-E613BCFD3DF7}.Release|Win32.ActiveCfg = Release|Any CPU
		{B86CE504-C4E4-496F-A0F0-E613BCFD3DF7}.Release|x64.ActiveCfg = Release|Any CPU
		{B86CE504-C4E4-496F-A0F0-E613BCFD3DF7}.ReleaseManagedOnly|Any CPU.ActiveCfg = Release|Any CPU
		{B86CE504-C4E4-496F-A0F0-E613BCFD3DF7}.ReleaseManagedOnly|Any CPU.Build.0 = Release|Any CPU
		{B86CE504-C4E4-496F-A0F0-E613BCFD3DF7}.ReleaseManagedOnly|Any CPU.Deploy.0 = Release|Any CPU
		{B86CE504-C4E4-496F-A0F0-E613BCFD3DF7}.ReleaseManagedOnly|Mixed Platforms.ActiveCfg = Release|Any CPU
		{B86CE504-C4E4-496F-A0F0-E613BCFD3DF7}.ReleaseManagedOnly|Mixed Platforms.Build.0 = Release|Any CPU
		{B86CE504-C4E4-496F-A0F0-E613BCFD3DF7}.ReleaseManagedOnly|Mixed Platforms.Deploy.0 = Release|Any CPU
		{B86CE504-C4E4-496F-A0F0-E613BCFD3DF7}.ReleaseManagedOnly|Pocket PC 2003 (ARMV4).ActiveCfg = Release|Any CPU
		{B86CE504-C4E4-496F-A0F0-E613BCFD3DF7}.ReleaseManagedOnly|Pocket PC 2003 (ARMV4).Build.0 = Release|Any CPU
		{B86CE504-C4E4-496F-A0F0-E613BCFD3DF7}.ReleaseManagedOnly|Pocket PC 2003 (ARMV4).Deploy.0 = Release|Any CPU
		{B86CE504-C4E4-496F-A0F0-E613BCFD3DF7}.ReleaseManagedOnly|Win32.ActiveCfg = Release|Any CPU
		{B86CE504-C4E4-496F-A0F0-E613BCFD3DF7}.ReleaseManagedOnly|x64.ActiveCfg = Release|Any CPU
		{B86CE504-C4E4-496F-A0F0-E613BCFD3DF7}.ReleaseNativeOnly|Any CPU.ActiveCfg = Release|Any CPU
		{B86CE504-C4E4-496F-A0F0-E613BCFD3DF7}.ReleaseNativeOnly|Mixed Platforms.ActiveCfg = Release|Any CPU
		{B86CE504-C4E4-496F-A0F0-E613BCFD3DF7}.ReleaseNativeOnly|Pocket PC 2003 (ARMV4).ActiveCfg = Release|Any CPU
		{B86CE504-C4E4-496F-A0F0-E613BCFD3DF7}.ReleaseNativeOnly|Win32.ActiveCfg = Release|Any CPU
		{B86CE504-C4E4-496F-A0F0-E613BCFD3DF7}.ReleaseNativeOnly|x64.ActiveCfg = Release|Any CPU
		{490CBC51-A3B2-4397-89F9-16E858DCB4F8}.Debug|Any CPU.ActiveCfg = Debug|Win32
		{490CBC51-A3B2-4397-89F9-16E858DCB4F8}.Debug|Any CPU.Build.0 = Debug|Win32
		{490CBC51-A3B2-4397-89F9-16E858DCB4F8}.Debug|Mixed Platforms.ActiveCfg = Debug|Win32
		{490CBC51-A3B2-4397-89F9-16E858DCB4F8}.Debug|Mixed Platforms.Build.0 = Debug|Win32
		{490CBC51-A3B2-4397-89F9-16E858DCB4F8}.Debug|Pocket PC 2003 (ARMV4).ActiveCfg = Debug|Win32
		{490CBC51-A3B2-4397-89F9-16E858DCB4F8}.Debug|Win32.ActiveCfg = Debug|Win32
		{490CBC51-A3B2-4397-89F9-16E858DCB4F8}.Debug|Win32.Build.0 = Debug|Win32
		{490CBC51-A3B2-4397-89F9-16E858DCB4F8}.Debug|x64.ActiveCfg = Debug|x64
		{490CBC51-A3B2-4397-89F9-16E858DCB4F8}.Debug|x64.Build.0 = Debug|x64
		{490CBC51-A3B2-4397-89F9-16E858DCB4F8}.DebugManagedOnly|Any CPU.ActiveCfg = DebugNativeOnly|Win32
		{490CBC51-A3B2-4397-89F9-16E858DCB4F8}.DebugManagedOnly|Mixed Platforms.ActiveCfg = DebugNativeOnly|Win32
		{490CBC51-A3B2-4397-89F9-16E858DCB4F8}.DebugManagedOnly|Pocket PC 2003 (ARMV4).ActiveCfg = DebugNativeOnly|Win32
		{490CBC51-A3B2-4397-89F9-16E858DCB4F8}.DebugManagedOnly|Win32.ActiveCfg = DebugNativeOnly|Win32
		{490CBC51-A3B2-4397-89F9-16E858DCB4F8}.DebugManagedOnly|x64.ActiveCfg = DebugNativeOnly|x64
		{490CBC51-A3B2-4397-89F9-16E858DCB4F8}.DebugNativeOnly|Any CPU.ActiveCfg = DebugNativeOnly|Win32
		{490CBC51-A3B2-4397-89F9-16E858DCB4F8}.DebugNativeOnly|Any CPU.Build.0 = DebugNativeOnly|Win32
		{490CBC51-A3B2-4397-89F9-16E858DCB4F8}.DebugNativeOnly|Mixed Platforms.ActiveCfg = DebugNativeOnly|Win32
		{490CBC51-A3B2-4397-89F9-16E858DCB4F8}.DebugNativeOnly|Mixed Platforms.Build.0 = DebugNativeOnly|Win32
		{490CBC51-A3B2-4397-89F9-16E858DCB4F8}.DebugNativeOnly|Pocket PC 2003 (ARMV4).ActiveCfg = DebugNativeOnly|Win32
		{490CBC51-A3B2-4397-89F9-16E858DCB4F8}.DebugNativeOnly|Win32.ActiveCfg = DebugNativeOnly|Win32
		{490CBC51-A3B2-4397-89F9-16E858DCB4F8}.DebugNativeOnly|Win32.Build.0 = DebugNativeOnly|Win32
		{490CBC51-A3B2-4397-89F9-16E858DCB4F8}.DebugNativeOnly|x64.ActiveCfg = DebugNativeOnly|x64
		{490CBC51-A3B2-4397-89F9-16E858DCB4F8}.DebugNativeOnly|x64.Build.0 = DebugNativeOnly|x64
		{490CBC51-A3B2-4397-89F9-16E858DCB4F8}.Release|Any CPU.ActiveCfg = Release|Win32
		{490CBC51-A3B2-4397-89F9-16E858DCB4F8}.Release|Any CPU.Build.0 = Release|Win32
		{490CBC51-A3B2-4397-89F9-16E858DCB4F8}.Release|Mixed Platforms.ActiveCfg = Release|Win32
		{490CBC51-A3B2-4397-89F9-16E858DCB4F8}.Release|Mixed Platforms.Build.0 = Release|Win32
		{490CBC51-A3B2-4397-89F9-16E858DCB4F8}.Release|Pocket PC 2003 (ARMV4).ActiveCfg = Release|Win32
		{490CBC51-A3B2-4397-89F9-16E858DCB4F8}.Release|Win32.ActiveCfg = Release|Win32
		{490CBC51-A3B2-4397-89F9-16E858DCB4F8}.Release|Win32.Build.0 = Release|Win32
		{490CBC51-A3B2-4397-89F9-16E858DCB4F8}.Release|x64.ActiveCfg = Release|x64
		{490CBC51-A3B2-4397-89F9-16E858DCB4F8}.Release|x64.Build.0 = Release|x64
		{490CBC51-A3B2-4397-89F9-16E858DCB4F8}.ReleaseManagedOnly|Any CPU.ActiveCfg = ReleaseNativeOnly|Win32
		{490CBC51-A3B2-4397-89F9-16E858DCB4F8}.ReleaseManagedOnly|Mixed Platforms.ActiveCfg = ReleaseNativeOnly|Win32
		{490CBC51-A3B2-4397-89F9-16E858DCB4F8}.ReleaseManagedOnly|Pocket PC 2003 (ARMV4).ActiveCfg = ReleaseNativeOnly|Win32
		{490CBC51-A3B2-4397-89F9-16E858DCB4F8}.ReleaseManagedOnly|Win32.ActiveCfg = ReleaseNativeOnly|Win32
		{490CBC51-A3B2-4397-89F9-16E858DCB4F8}.ReleaseManagedOnly|x64.ActiveCfg = ReleaseNativeOnly|x64
		{490CBC51-A3B2-4397-89F9-16E858DCB4F8}.ReleaseNativeOnly|Any CPU.ActiveCfg = ReleaseNativeOnly|Win32
		{490CBC51-A3B2-4397-89F9-16E858DCB4F8}.ReleaseNativeOnly|Any CPU.Build.0 = ReleaseNativeOnly|Win32
		{490CBC51-A3B2-4397-89F9-16E858DCB4F8}.ReleaseNativeOnly|Mixed Platforms.ActiveCfg = ReleaseNativeOnly|Win32
		{490CBC51-A3B2-4397-89F9-16E858DCB4F8}.ReleaseNativeOnly|Mixed Platforms.Build.0 = ReleaseNativeOnly|Win32
		{490CBC51-A3B2-4397-89F9-16E858DCB4F8}.ReleaseNativeOnly|Pocket PC 2003 (ARMV4).ActiveCfg = ReleaseNativeOnly|Win32
		{490CBC51-A3B2-4397-89F9-16E858DCB4F8}.ReleaseNativeOnly|Win32.ActiveCfg = ReleaseNativeOnly|Win32
		{490CBC51-A3B2-4397-89F9-16E858DCB4F8}.ReleaseNativeOnly|Win32.Build.0 = ReleaseNativeOnly|Win32
		{490CBC51-A3B2-4397-89F9-16E858DCB4F8}.ReleaseNativeOnly|x64.ActiveCfg = ReleaseNativeOnly|x64
		{490CBC51-A3B2-4397-89F9-16E858DCB4F8}.ReleaseNativeOnly|x64.Build.0 = ReleaseNativeOnly|x64
		{A41FE2A5-07AD-4CE7-B836-1544634816F5}.Debug|Any CPU.ActiveCfg = Debug|Any CPU
		{A41FE2A5-07AD-4CE7-B836-1544634816F5}.Debug|Any CPU.Build.0 = Debug|Any CPU
		{A41FE2A5-07AD-4CE7-B836-1544634816F5}.Debug|Mixed Platforms.ActiveCfg = Debug|Any CPU
		{A41FE2A5-07AD-4CE7-B836-1544634816F5}.Debug|Mixed Platforms.Build.0 = Debug|Any CPU
		{A41FE2A5-07AD-4CE7-B836-1544634816F5}.Debug|Pocket PC 2003 (ARMV4).ActiveCfg = Debug|Any CPU
		{A41FE2A5-07AD-4CE7-B836-1544634816F5}.Debug|Win32.ActiveCfg = Debug|Any CPU
		{A41FE2A5-07AD-4CE7-B836-1544634816F5}.Debug|Win32.Build.0 = Debug|Any CPU
		{A41FE2A5-07AD-4CE7-B836-1544634816F5}.Debug|x64.ActiveCfg = Debug|Any CPU
		{A41FE2A5-07AD-4CE7-B836-1544634816F5}.Debug|x64.Build.0 = Debug|Any CPU
		{A41FE2A5-07AD-4CE7-B836-1544634816F5}.DebugManagedOnly|Any CPU.ActiveCfg = Debug|Any CPU
		{A41FE2A5-07AD-4CE7-B836-1544634816F5}.DebugManagedOnly|Any CPU.Build.0 = Debug|Any CPU
		{A41FE2A5-07AD-4CE7-B836-1544634816F5}.DebugManagedOnly|Mixed Platforms.ActiveCfg = Debug|Any CPU
		{A41FE2A5-07AD-4CE7-B836-1544634816F5}.DebugManagedOnly|Mixed Platforms.Build.0 = Debug|Any CPU
		{A41FE2A5-07AD-4CE7-B836-1544634816F5}.DebugManagedOnly|Pocket PC 2003 (ARMV4).ActiveCfg = Debug|Any CPU
		{A41FE2A5-07AD-4CE7-B836-1544634816F5}.DebugManagedOnly|Win32.ActiveCfg = Debug|Any CPU
		{A41FE2A5-07AD-4CE7-B836-1544634816F5}.DebugManagedOnly|Win32.Build.0 = Debug|Any CPU
		{A41FE2A5-07AD-4CE7-B836-1544634816F5}.DebugManagedOnly|x64.ActiveCfg = Debug|Any CPU
		{A41FE2A5-07AD-4CE7-B836-1544634816F5}.DebugManagedOnly|x64.Build.0 = Debug|Any CPU
		{A41FE2A5-07AD-4CE7-B836-1544634816F5}.DebugNativeOnly|Any CPU.ActiveCfg = Debug|Any CPU
		{A41FE2A5-07AD-4CE7-B836-1544634816F5}.DebugNativeOnly|Mixed Platforms.ActiveCfg = Debug|Any CPU
		{A41FE2A5-07AD-4CE7-B836-1544634816F5}.DebugNativeOnly|Pocket PC 2003 (ARMV4).ActiveCfg = Debug|Any CPU
		{A41FE2A5-07AD-4CE7-B836-1544634816F5}.DebugNativeOnly|Win32.ActiveCfg = Debug|Any CPU
		{A41FE2A5-07AD-4CE7-B836-1544634816F5}.DebugNativeOnly|x64.ActiveCfg = Debug|Any CPU
		{A41FE2A5-07AD-4CE7-B836-1544634816F5}.Release|Any CPU.ActiveCfg = Release|Any CPU
		{A41FE2A5-07AD-4CE7-B836-1544634816F5}.Release|Any CPU.Build.0 = Release|Any CPU
		{A41FE2A5-07AD-4CE7-B836-1544634816F5}.Release|Mixed Platforms.ActiveCfg = Release|Any CPU
		{A41FE2A5-07AD-4CE7-B836-1544634816F5}.Release|Mixed Platforms.Build.0 = Release|Any CPU
		{A41FE2A5-07AD-4CE7-B836-1544634816F5}.Release|Pocket PC 2003 (ARMV4).ActiveCfg = Release|Any CPU
		{A41FE2A5-07AD-4CE7-B836-1544634816F5}.Release|Win32.ActiveCfg = Release|Any CPU
		{A41FE2A5-07AD-4CE7-B836-1544634816F5}.Release|Win32.Build.0 = Release|Any CPU
		{A41FE2A5-07AD-4CE7-B836-1544634816F5}.Release|x64.ActiveCfg = Release|Any CPU
		{A41FE2A5-07AD-4CE7-B836-1544634816F5}.Release|x64.Build.0 = Release|Any CPU
		{A41FE2A5-07AD-4CE7-B836-1544634816F5}.ReleaseManagedOnly|Any CPU.ActiveCfg = Release|Any CPU
		{A41FE2A5-07AD-4CE7-B836-1544634816F5}.ReleaseManagedOnly|Any CPU.Build.0 = Release|Any CPU
		{A41FE2A5-07AD-4CE7-B836-1544634816F5}.ReleaseManagedOnly|Mixed Platforms.ActiveCfg = Release|Any CPU
		{A41FE2A5-07AD-4CE7-B836-1544634816F5}.ReleaseManagedOnly|Mixed Platforms.Build.0 = Release|Any CPU
		{A41FE2A5-07AD-4CE7-B836-1544634816F5}.ReleaseManagedOnly|Pocket PC 2003 (ARMV4).ActiveCfg = Release|Any CPU
		{A41FE2A5-07AD-4CE7-B836-1544634816F5}.ReleaseManagedOnly|Win32.ActiveCfg = Release|Any CPU
		{A41FE2A5-07AD-4CE7-B836-1544634816F5}.ReleaseManagedOnly|Win32.Build.0 = Release|Any CPU
		{A41FE2A5-07AD-4CE7-B836-1544634816F5}.ReleaseManagedOnly|x64.ActiveCfg = Release|Any CPU
		{A41FE2A5-07AD-4CE7-B836-1544634816F5}.ReleaseManagedOnly|x64.Build.0 = Release|Any CPU
		{A41FE2A5-07AD-4CE7-B836-1544634816F5}.ReleaseNativeOnly|Any CPU.ActiveCfg = Release|Any CPU
		{A41FE2A5-07AD-4CE7-B836-1544634816F5}.ReleaseNativeOnly|Mixed Platforms.ActiveCfg = Release|Any CPU
		{A41FE2A5-07AD-4CE7-B836-1544634816F5}.ReleaseNativeOnly|Pocket PC 2003 (ARMV4).ActiveCfg = Release|Any CPU
		{A41FE2A5-07AD-4CE7-B836-1544634816F5}.ReleaseNativeOnly|Win32.ActiveCfg = Release|Any CPU
		{A41FE2A5-07AD-4CE7-B836-1544634816F5}.ReleaseNativeOnly|x64.ActiveCfg = Release|Any CPU
	EndGlobalSection
	GlobalSection(SolutionProperties) = preSolution
		HideSolutionNode = FALSE
	EndGlobalSection
EndGlobal
