Microsoft Visual Studio Solution File, Format Version 11.00
# Visual Studio 2010
Project("{2150E333-8FDC-42A3-9474-1A3956D46DE8}") = "Solution Items", "Solution Items", "{39A3B743-1EBD-4CC0-8E37-ACE3DD38B1C0}"
	ProjectSection(SolutionItems) = preProject
		readme.htm = readme.htm
		SQLite.NET.Settings.targets = SQLite.NET.Settings.targets
		System.Data.SQLite\System.Data.SQLite.Files.targets = System.Data.SQLite\System.Data.SQLite.Files.targets
		System.Data.SQLite\System.Data.SQLite.Properties.targets = System.Data.SQLite\System.Data.SQLite.Properties.targets
		System.Data.SQLite\System.Data.SQLite.References.targets = System.Data.SQLite\System.Data.SQLite.References.targets
	EndProjectSection
EndProject
Project("{FAE04EC0-301F-11D3-BF4B-00C04F79EFBC}") = "System.Data.SQLite.2010", "System.Data.SQLite\System.Data.SQLite.2010.csproj", "{AC139952-261A-4463-B6FA-AEBC25283A66}"
EndProject
Project("{FAE04EC0-301F-11D3-BF4B-00C04F79EFBC}") = "System.Data.SQLite.Module.2010", "System.Data.SQLite\System.Data.SQLite.Module.2010.csproj", "{AC139952-261A-4463-B6FA-AEBC25284A66}"
EndProject
Project("{FAE04EC0-301F-11D3-BF4B-00C04F79EFBC}") = "test.2010", "test\test.2010.csproj", "{E27B1B1E-19C0-45E8-AA74-B6E1C041A130}"
EndProject
Project("{8BC9CEB8-8B4A-11D0-8D11-00A0C91BC942}") = "SQLite.Interop.2010", "SQLite.Interop\SQLite.Interop.2010.vcxproj", "{53784BC1-A8BC-4AC8-8A3E-158D6807345A}"
	ProjectSection(ProjectDependencies) = postProject
		{AC139952-261A-4463-B6FA-AEBC25284A66} = {AC139952-261A-4463-B6FA-AEBC25284A66}
	EndProjectSection
EndProject
Project("{FAE04EC0-301F-11D3-BF4B-00C04F79EFBC}") = "System.Data.SQLite.Linq.2010", "System.Data.SQLite.Linq\System.Data.SQLite.Linq.2010.csproj", "{E6BF9F74-58E2-413B-A7CE-EA653ECB728D}"
EndProject
Project("{FAE04EC0-301F-11D3-BF4B-00C04F79EFBC}") = "SQLite.Designer.2010", "SQLite.Designer\SQLite.Designer.2010.csproj", "{9B4A5CF6-5BE5-4926-ACC7-B729A8C05198}"
EndProject
Project("{FAE04EC0-301F-11D3-BF4B-00C04F79EFBC}") = "testlinq.2010", "testlinq\testlinq.2010.csproj", "{9D3CF7A6-092A-4B05-B0E4-BEF6944525B3}"
	ProjectSection(ProjectDependencies) = postProject
		{AC139952-261A-4463-B6FA-AEBC25283A66} = {AC139952-261A-4463-B6FA-AEBC25283A66}
		{E6BF9F74-58E2-413B-A7CE-EA653ECB728D} = {E6BF9F74-58E2-413B-A7CE-EA653ECB728D}
	EndProjectSection
EndProject
Project("{8BC9CEB8-8B4A-11D0-8D11-00A0C91BC942}") = "SQLite.Interop.Static.2010", "SQLite.Interop\SQLite.Interop.Static.2010.vcxproj", "{490CBC51-A3B2-4397-89F9-16E858DCB4F8}"
	ProjectSection(ProjectDependencies) = postProject
		{AC139952-261A-4463-B6FA-AEBC25284A66} = {AC139952-261A-4463-B6FA-AEBC25284A66}
	EndProjectSection
EndProject
Global
	GlobalSection(SolutionConfigurationPlatforms) = preSolution
		Debug|Any CPU = Debug|Any CPU
		Debug|Mixed Platforms = Debug|Mixed Platforms
		Debug|Win32 = Debug|Win32
		Debug|x64 = Debug|x64
		DebugNativeOnly|Any CPU = DebugNativeOnly|Any CPU
		DebugNativeOnly|Mixed Platforms = DebugNativeOnly|Mixed Platforms
		DebugNativeOnly|Win32 = DebugNativeOnly|Win32
		DebugNativeOnly|x64 = DebugNativeOnly|x64
		Release|Any CPU = Release|Any CPU
		Release|Mixed Platforms = Release|Mixed Platforms
		Release|Win32 = Release|Win32
		Release|x64 = Release|x64
		ReleaseNativeOnly|Any CPU = ReleaseNativeOnly|Any CPU
		ReleaseNativeOnly|Mixed Platforms = ReleaseNativeOnly|Mixed Platforms
		ReleaseNativeOnly|Win32 = ReleaseNativeOnly|Win32
		ReleaseNativeOnly|x64 = ReleaseNativeOnly|x64
	EndGlobalSection
	GlobalSection(ProjectConfigurationPlatforms) = postSolution
		{AC139952-261A-4463-B6FA-AEBC25283A66}.Debug|Any CPU.ActiveCfg = Debug|Any CPU
		{AC139952-261A-4463-B6FA-AEBC25283A66}.Debug|Any CPU.Build.0 = Debug|Any CPU
		{AC139952-261A-4463-B6FA-AEBC25283A66}.Debug|Mixed Platforms.ActiveCfg = Debug|Any CPU
		{AC139952-261A-4463-B6FA-AEBC25283A66}.Debug|Mixed Platforms.Build.0 = Debug|Any CPU
		{AC139952-261A-4463-B6FA-AEBC25283A66}.Debug|Win32.ActiveCfg = Debug|Any CPU
		{AC139952-261A-4463-B6FA-AEBC25283A66}.Debug|Win32.Build.0 = Debug|Any CPU
		{AC139952-261A-4463-B6FA-AEBC25283A66}.Debug|x64.ActiveCfg = Debug|Any CPU
		{AC139952-261A-4463-B6FA-AEBC25283A66}.Debug|x64.Build.0 = Debug|Any CPU
		{AC139952-261A-4463-B6FA-AEBC25283A66}.DebugNativeOnly|Any CPU.ActiveCfg = Debug|Any CPU
		{AC139952-261A-4463-B6FA-AEBC25283A66}.DebugNativeOnly|Any CPU.Build.0 = Debug|Any CPU
		{AC139952-261A-4463-B6FA-AEBC25283A66}.DebugNativeOnly|Mixed Platforms.ActiveCfg = Debug|Any CPU
		{AC139952-261A-4463-B6FA-AEBC25283A66}.DebugNativeOnly|Mixed Platforms.Build.0 = Debug|Any CPU
		{AC139952-261A-4463-B6FA-AEBC25283A66}.DebugNativeOnly|Win32.ActiveCfg = Debug|Any CPU
		{AC139952-261A-4463-B6FA-AEBC25283A66}.DebugNativeOnly|Win32.Build.0 = Debug|Any CPU
		{AC139952-261A-4463-B6FA-AEBC25283A66}.DebugNativeOnly|x64.ActiveCfg = Debug|Any CPU
		{AC139952-261A-4463-B6FA-AEBC25283A66}.DebugNativeOnly|x64.Build.0 = Debug|Any CPU
		{AC139952-261A-4463-B6FA-AEBC25283A66}.Release|Any CPU.ActiveCfg = Release|Any CPU
		{AC139952-261A-4463-B6FA-AEBC25283A66}.Release|Any CPU.Build.0 = Release|Any CPU
		{AC139952-261A-4463-B6FA-AEBC25283A66}.Release|Mixed Platforms.ActiveCfg = Release|Any CPU
		{AC139952-261A-4463-B6FA-AEBC25283A66}.Release|Mixed Platforms.Build.0 = Release|Any CPU
		{AC139952-261A-4463-B6FA-AEBC25283A66}.Release|Win32.ActiveCfg = Release|Any CPU
		{AC139952-261A-4463-B6FA-AEBC25283A66}.Release|Win32.Build.0 = Release|Any CPU
		{AC139952-261A-4463-B6FA-AEBC25283A66}.Release|x64.ActiveCfg = Release|Any CPU
		{AC139952-261A-4463-B6FA-AEBC25283A66}.Release|x64.Build.0 = Release|Any CPU
		{AC139952-261A-4463-B6FA-AEBC25283A66}.ReleaseNativeOnly|Any CPU.ActiveCfg = Release|Any CPU
		{AC139952-261A-4463-B6FA-AEBC25283A66}.ReleaseNativeOnly|Any CPU.Build.0 = Release|Any CPU
		{AC139952-261A-4463-B6FA-AEBC25283A66}.ReleaseNativeOnly|Mixed Platforms.ActiveCfg = Release|Any CPU
		{AC139952-261A-4463-B6FA-AEBC25283A66}.ReleaseNativeOnly|Mixed Platforms.Build.0 = Release|Any CPU
		{AC139952-261A-4463-B6FA-AEBC25283A66}.ReleaseNativeOnly|Win32.ActiveCfg = Release|Any CPU
		{AC139952-261A-4463-B6FA-AEBC25283A66}.ReleaseNativeOnly|Win32.Build.0 = Release|Any CPU
		{AC139952-261A-4463-B6FA-AEBC25283A66}.ReleaseNativeOnly|x64.ActiveCfg = Release|Any CPU
		{AC139952-261A-4463-B6FA-AEBC25283A66}.ReleaseNativeOnly|x64.Build.0 = Release|Any CPU
		{AC139952-261A-4463-B6FA-AEBC25284A66}.Debug|Any CPU.ActiveCfg = Debug|Any CPU
		{AC139952-261A-4463-B6FA-AEBC25284A66}.Debug|Any CPU.Build.0 = Debug|Any CPU
		{AC139952-261A-4463-B6FA-AEBC25284A66}.Debug|Mixed Platforms.ActiveCfg = Debug|Any CPU
		{AC139952-261A-4463-B6FA-AEBC25284A66}.Debug|Mixed Platforms.Build.0 = Debug|Any CPU
		{AC139952-261A-4463-B6FA-AEBC25284A66}.Debug|Win32.ActiveCfg = Debug|Any CPU
		{AC139952-261A-4463-B6FA-AEBC25284A66}.Debug|Win32.Build.0 = Debug|Any CPU
		{AC139952-261A-4463-B6FA-AEBC25284A66}.Debug|x64.ActiveCfg = Debug|Any CPU
		{AC139952-261A-4463-B6FA-AEBC25284A66}.Debug|x64.Build.0 = Debug|Any CPU
		{AC139952-261A-4463-B6FA-AEBC25284A66}.DebugNativeOnly|Any CPU.ActiveCfg = Debug|Any CPU
		{AC139952-261A-4463-B6FA-AEBC25284A66}.DebugNativeOnly|Any CPU.Build.0 = Debug|Any CPU
		{AC139952-261A-4463-B6FA-AEBC25284A66}.DebugNativeOnly|Mixed Platforms.ActiveCfg = Debug|Any CPU
		{AC139952-261A-4463-B6FA-AEBC25284A66}.DebugNativeOnly|Mixed Platforms.Build.0 = Debug|Any CPU
		{AC139952-261A-4463-B6FA-AEBC25284A66}.DebugNativeOnly|Win32.ActiveCfg = Debug|Any CPU
		{AC139952-261A-4463-B6FA-AEBC25284A66}.DebugNativeOnly|Win32.Build.0 = Debug|Any CPU
		{AC139952-261A-4463-B6FA-AEBC25284A66}.DebugNativeOnly|x64.ActiveCfg = Debug|Any CPU
		{AC139952-261A-4463-B6FA-AEBC25284A66}.DebugNativeOnly|x64.Build.0 = Debug|Any CPU
		{AC139952-261A-4463-B6FA-AEBC25284A66}.Release|Any CPU.ActiveCfg = Release|Any CPU
		{AC139952-261A-4463-B6FA-AEBC25284A66}.Release|Any CPU.Build.0 = Release|Any CPU
		{AC139952-261A-4463-B6FA-AEBC25284A66}.Release|Mixed Platforms.ActiveCfg = Release|Any CPU
		{AC139952-261A-4463-B6FA-AEBC25284A66}.Release|Mixed Platforms.Build.0 = Release|Any CPU
		{AC139952-261A-4463-B6FA-AEBC25284A66}.Release|Win32.ActiveCfg = Release|Any CPU
		{AC139952-261A-4463-B6FA-AEBC25284A66}.Release|Win32.Build.0 = Release|Any CPU
		{AC139952-261A-4463-B6FA-AEBC25284A66}.Release|x64.ActiveCfg = Release|Any CPU
		{AC139952-261A-4463-B6FA-AEBC25284A66}.Release|x64.Build.0 = Release|Any CPU
		{AC139952-261A-4463-B6FA-AEBC25284A66}.ReleaseNativeOnly|Any CPU.ActiveCfg = Release|Any CPU
		{AC139952-261A-4463-B6FA-AEBC25284A66}.ReleaseNativeOnly|Any CPU.Build.0 = Release|Any CPU
		{AC139952-261A-4463-B6FA-AEBC25284A66}.ReleaseNativeOnly|Mixed Platforms.ActiveCfg = Release|Any CPU
		{AC139952-261A-4463-B6FA-AEBC25284A66}.ReleaseNativeOnly|Mixed Platforms.Build.0 = Release|Any CPU
		{AC139952-261A-4463-B6FA-AEBC25284A66}.ReleaseNativeOnly|Win32.ActiveCfg = Release|Any CPU
		{AC139952-261A-4463-B6FA-AEBC25284A66}.ReleaseNativeOnly|Win32.Build.0 = Release|Any CPU
		{AC139952-261A-4463-B6FA-AEBC25284A66}.ReleaseNativeOnly|x64.ActiveCfg = Release|Any CPU
		{AC139952-261A-4463-B6FA-AEBC25284A66}.ReleaseNativeOnly|x64.Build.0 = Release|Any CPU
		{E27B1B1E-19C0-45E8-AA74-B6E1C041A130}.Debug|Any CPU.ActiveCfg = Debug|Any CPU
		{E27B1B1E-19C0-45E8-AA74-B6E1C041A130}.Debug|Any CPU.Build.0 = Debug|Any CPU
		{E27B1B1E-19C0-45E8-AA74-B6E1C041A130}.Debug|Mixed Platforms.ActiveCfg = Debug|Any CPU
		{E27B1B1E-19C0-45E8-AA74-B6E1C041A130}.Debug|Mixed Platforms.Build.0 = Debug|Any CPU
		{E27B1B1E-19C0-45E8-AA74-B6E1C041A130}.Debug|Win32.ActiveCfg = Debug|Any CPU
		{E27B1B1E-19C0-45E8-AA74-B6E1C041A130}.Debug|Win32.Build.0 = Debug|Any CPU
		{E27B1B1E-19C0-45E8-AA74-B6E1C041A130}.Debug|x64.ActiveCfg = Debug|Any CPU
		{E27B1B1E-19C0-45E8-AA74-B6E1C041A130}.Debug|x64.Build.0 = Debug|Any CPU
		{E27B1B1E-19C0-45E8-AA74-B6E1C041A130}.DebugNativeOnly|Any CPU.ActiveCfg = Debug|Any CPU
		{E27B1B1E-19C0-45E8-AA74-B6E1C041A130}.DebugNativeOnly|Any CPU.Build.0 = Debug|Any CPU
		{E27B1B1E-19C0-45E8-AA74-B6E1C041A130}.DebugNativeOnly|Mixed Platforms.ActiveCfg = Debug|Any CPU
		{E27B1B1E-19C0-45E8-AA74-B6E1C041A130}.DebugNativeOnly|Mixed Platforms.Build.0 = Debug|Any CPU
		{E27B1B1E-19C0-45E8-AA74-B6E1C041A130}.DebugNativeOnly|Win32.ActiveCfg = Debug|Any CPU
		{E27B1B1E-19C0-45E8-AA74-B6E1C041A130}.DebugNativeOnly|Win32.Build.0 = Debug|Any CPU
		{E27B1B1E-19C0-45E8-AA74-B6E1C041A130}.DebugNativeOnly|x64.ActiveCfg = Debug|Any CPU
		{E27B1B1E-19C0-45E8-AA74-B6E1C041A130}.DebugNativeOnly|x64.Build.0 = Debug|Any CPU
		{E27B1B1E-19C0-45E8-AA74-B6E1C041A130}.Release|Any CPU.ActiveCfg = Release|Any CPU
		{E27B1B1E-19C0-45E8-AA74-B6E1C041A130}.Release|Any CPU.Build.0 = Release|Any CPU
		{E27B1B1E-19C0-45E8-AA74-B6E1C041A130}.Release|Mixed Platforms.ActiveCfg = Release|Any CPU
		{E27B1B1E-19C0-45E8-AA74-B6E1C041A130}.Release|Mixed Platforms.Build.0 = Release|Any CPU
		{E27B1B1E-19C0-45E8-AA74-B6E1C041A130}.Release|Win32.ActiveCfg = Release|Any CPU
		{E27B1B1E-19C0-45E8-AA74-B6E1C041A130}.Release|Win32.Build.0 = Release|Any CPU
		{E27B1B1E-19C0-45E8-AA74-B6E1C041A130}.Release|x64.ActiveCfg = Release|Any CPU
		{E27B1B1E-19C0-45E8-AA74-B6E1C041A130}.Release|x64.Build.0 = Release|Any CPU
		{E27B1B1E-19C0-45E8-AA74-B6E1C041A130}.ReleaseNativeOnly|Any CPU.ActiveCfg = Release|Any CPU
		{E27B1B1E-19C0-45E8-AA74-B6E1C041A130}.ReleaseNativeOnly|Any CPU.Build.0 = Release|Any CPU
		{E27B1B1E-19C0-45E8-AA74-B6E1C041A130}.ReleaseNativeOnly|Mixed Platforms.ActiveCfg = Release|Any CPU
		{E27B1B1E-19C0-45E8-AA74-B6E1C041A130}.ReleaseNativeOnly|Mixed Platforms.Build.0 = Release|Any CPU
		{E27B1B1E-19C0-45E8-AA74-B6E1C041A130}.ReleaseNativeOnly|Win32.ActiveCfg = Release|Any CPU
		{E27B1B1E-19C0-45E8-AA74-B6E1C041A130}.ReleaseNativeOnly|Win32.Build.0 = Release|Any CPU
		{E27B1B1E-19C0-45E8-AA74-B6E1C041A130}.ReleaseNativeOnly|x64.ActiveCfg = Release|Any CPU
		{E27B1B1E-19C0-45E8-AA74-B6E1C041A130}.ReleaseNativeOnly|x64.Build.0 = Release|Any CPU
		{53784BC1-A8BC-4AC8-8A3E-158D6807345A}.Debug|Any CPU.ActiveCfg = Debug|Win32
		{53784BC1-A8BC-4AC8-8A3E-158D6807345A}.Debug|Any CPU.Build.0 = Debug|Win32
		{53784BC1-A8BC-4AC8-8A3E-158D6807345A}.Debug|Mixed Platforms.ActiveCfg = Debug|Win32
		{53784BC1-A8BC-4AC8-8A3E-158D6807345A}.Debug|Mixed Platforms.Build.0 = Debug|Win32
		{53784BC1-A8BC-4AC8-8A3E-158D6807345A}.Debug|Win32.ActiveCfg = Debug|Win32
		{53784BC1-A8BC-4AC8-8A3E-158D6807345A}.Debug|Win32.Build.0 = Debug|Win32
		{53784BC1-A8BC-4AC8-8A3E-158D6807345A}.Debug|x64.ActiveCfg = Debug|x64
		{53784BC1-A8BC-4AC8-8A3E-158D6807345A}.Debug|x64.Build.0 = Debug|x64
		{53784BC1-A8BC-4AC8-8A3E-158D6807345A}.DebugNativeOnly|Any CPU.ActiveCfg = DebugNativeOnly|Win32
		{53784BC1-A8BC-4AC8-8A3E-158D6807345A}.DebugNativeOnly|Any CPU.Build.0 = DebugNativeOnly|Win32
		{53784BC1-A8BC-4AC8-8A3E-158D6807345A}.DebugNativeOnly|Mixed Platforms.ActiveCfg = DebugNativeOnly|Win32
		{53784BC1-A8BC-4AC8-8A3E-158D6807345A}.DebugNativeOnly|Mixed Platforms.Build.0 = DebugNativeOnly|Win32
		{53784BC1-A8BC-4AC8-8A3E-158D6807345A}.DebugNativeOnly|Win32.ActiveCfg = DebugNativeOnly|Win32
		{53784BC1-A8BC-4AC8-8A3E-158D6807345A}.DebugNativeOnly|Win32.Build.0 = DebugNativeOnly|Win32
		{53784BC1-A8BC-4AC8-8A3E-158D6807345A}.DebugNativeOnly|x64.ActiveCfg = DebugNativeOnly|x64
		{53784BC1-A8BC-4AC8-8A3E-158D6807345A}.DebugNativeOnly|x64.Build.0 = DebugNativeOnly|x64
		{53784BC1-A8BC-4AC8-8A3E-158D6807345A}.Release|Any CPU.ActiveCfg = Release|Win32
		{53784BC1-A8BC-4AC8-8A3E-158D6807345A}.Release|Any CPU.Build.0 = Release|Win32
		{53784BC1-A8BC-4AC8-8A3E-158D6807345A}.Release|Mixed Platforms.ActiveCfg = Release|Win32
		{53784BC1-A8BC-4AC8-8A3E-158D6807345A}.Release|Mixed Platforms.Build.0 = Release|Win32
		{53784BC1-A8BC-4AC8-8A3E-158D6807345A}.Release|Win32.ActiveCfg = Release|Win32
		{53784BC1-A8BC-4AC8-8A3E-158D6807345A}.Release|Win32.Build.0 = Release|Win32
		{53784BC1-A8BC-4AC8-8A3E-158D6807345A}.Release|x64.ActiveCfg = Release|x64
		{53784BC1-A8BC-4AC8-8A3E-158D6807345A}.Release|x64.Build.0 = Release|x64
		{53784BC1-A8BC-4AC8-8A3E-158D6807345A}.ReleaseNativeOnly|Any CPU.ActiveCfg = ReleaseNativeOnly|Win32
		{53784BC1-A8BC-4AC8-8A3E-158D6807345A}.ReleaseNativeOnly|Any CPU.Build.0 = ReleaseNativeOnly|Win32
		{53784BC1-A8BC-4AC8-8A3E-158D6807345A}.ReleaseNativeOnly|Mixed Platforms.ActiveCfg = ReleaseNativeOnly|Win32
		{53784BC1-A8BC-4AC8-8A3E-158D6807345A}.ReleaseNativeOnly|Mixed Platforms.Build.0 = ReleaseNativeOnly|Win32
		{53784BC1-A8BC-4AC8-8A3E-158D6807345A}.ReleaseNativeOnly|Win32.ActiveCfg = ReleaseNativeOnly|Win32
		{53784BC1-A8BC-4AC8-8A3E-158D6807345A}.ReleaseNativeOnly|Win32.Build.0 = ReleaseNativeOnly|Win32
		{53784BC1-A8BC-4AC8-8A3E-158D6807345A}.ReleaseNativeOnly|x64.ActiveCfg = ReleaseNativeOnly|x64
		{53784BC1-A8BC-4AC8-8A3E-158D6807345A}.ReleaseNativeOnly|x64.Build.0 = ReleaseNativeOnly|x64
		{E6BF9F74-58E2-413B-A7CE-EA653ECB728D}.Debug|Any CPU.ActiveCfg = Debug|Any CPU
		{E6BF9F74-58E2-413B-A7CE-EA653ECB728D}.Debug|Any CPU.Build.0 = Debug|Any CPU
		{E6BF9F74-58E2-413B-A7CE-EA653ECB728D}.Debug|Mixed Platforms.ActiveCfg = Debug|Any CPU
		{E6BF9F74-58E2-413B-A7CE-EA653ECB728D}.Debug|Mixed Platforms.Build.0 = Debug|Any CPU
		{E6BF9F74-58E2-413B-A7CE-EA653ECB728D}.Debug|Win32.ActiveCfg = Debug|Any CPU
		{E6BF9F74-58E2-413B-A7CE-EA653ECB728D}.Debug|Win32.Build.0 = Debug|Any CPU
		{E6BF9F74-58E2-413B-A7CE-EA653ECB728D}.Debug|x64.ActiveCfg = Debug|Any CPU
		{E6BF9F74-58E2-413B-A7CE-EA653ECB728D}.Debug|x64.Build.0 = Debug|Any CPU
		{E6BF9F74-58E2-413B-A7CE-EA653ECB728D}.DebugNativeOnly|Any CPU.ActiveCfg = Debug|Any CPU
		{E6BF9F74-58E2-413B-A7CE-EA653ECB728D}.DebugNativeOnly|Any CPU.Build.0 = Debug|Any CPU
		{E6BF9F74-58E2-413B-A7CE-EA653ECB728D}.DebugNativeOnly|Mixed Platforms.ActiveCfg = Debug|Any CPU
		{E6BF9F74-58E2-413B-A7CE-EA653ECB728D}.DebugNativeOnly|Mixed Platforms.Build.0 = Debug|Any CPU
		{E6BF9F74-58E2-413B-A7CE-EA653ECB728D}.DebugNativeOnly|Win32.ActiveCfg = Debug|Any CPU
		{E6BF9F74-58E2-413B-A7CE-EA653ECB728D}.DebugNativeOnly|Win32.Build.0 = Debug|Any CPU
		{E6BF9F74-58E2-413B-A7CE-EA653ECB728D}.DebugNativeOnly|x64.ActiveCfg = Debug|Any CPU
		{E6BF9F74-58E2-413B-A7CE-EA653ECB728D}.DebugNativeOnly|x64.Build.0 = Debug|Any CPU
		{E6BF9F74-58E2-413B-A7CE-EA653ECB728D}.Release|Any CPU.ActiveCfg = Release|Any CPU
		{E6BF9F74-58E2-413B-A7CE-EA653ECB728D}.Release|Any CPU.Build.0 = Release|Any CPU
		{E6BF9F74-58E2-413B-A7CE-EA653ECB728D}.Release|Mixed Platforms.ActiveCfg = Release|Any CPU
		{E6BF9F74-58E2-413B-A7CE-EA653ECB728D}.Release|Mixed Platforms.Build.0 = Release|Any CPU
		{E6BF9F74-58E2-413B-A7CE-EA653ECB728D}.Release|Win32.ActiveCfg = Release|Any CPU
		{E6BF9F74-58E2-413B-A7CE-EA653ECB728D}.Release|Win32.Build.0 = Release|Any CPU
		{E6BF9F74-58E2-413B-A7CE-EA653ECB728D}.Release|x64.ActiveCfg = Release|Any CPU
		{E6BF9F74-58E2-413B-A7CE-EA653ECB728D}.Release|x64.Build.0 = Release|Any CPU
		{E6BF9F74-58E2-413B-A7CE-EA653ECB728D}.ReleaseNativeOnly|Any CPU.ActiveCfg = Release|Any CPU
		{E6BF9F74-58E2-413B-A7CE-EA653ECB728D}.ReleaseNativeOnly|Any CPU.Build.0 = Release|Any CPU
		{E6BF9F74-58E2-413B-A7CE-EA653ECB728D}.ReleaseNativeOnly|Mixed Platforms.ActiveCfg = Release|Any CPU
		{E6BF9F74-58E2-413B-A7CE-EA653ECB728D}.ReleaseNativeOnly|Mixed Platforms.Build.0 = Release|Any CPU
		{E6BF9F74-58E2-413B-A7CE-EA653ECB728D}.ReleaseNativeOnly|Win32.ActiveCfg = Release|Any CPU
		{E6BF9F74-58E2-413B-A7CE-EA653ECB728D}.ReleaseNativeOnly|Win32.Build.0 = Release|Any CPU
		{E6BF9F74-58E2-413B-A7CE-EA653ECB728D}.ReleaseNativeOnly|x64.ActiveCfg = Release|Any CPU
		{E6BF9F74-58E2-413B-A7CE-EA653ECB728D}.ReleaseNativeOnly|x64.Build.0 = Release|Any CPU
		{9B4A5CF6-5BE5-4926-ACC7-B729A8C05198}.Debug|Any CPU.ActiveCfg = Debug|Any CPU
		{9B4A5CF6-5BE5-4926-ACC7-B729A8C05198}.Debug|Any CPU.Build.0 = Debug|Any CPU
		{9B4A5CF6-5BE5-4926-ACC7-B729A8C05198}.Debug|Mixed Platforms.ActiveCfg = Debug|Any CPU
		{9B4A5CF6-5BE5-4926-ACC7-B729A8C05198}.Debug|Mixed Platforms.Build.0 = Debug|Any CPU
		{9B4A5CF6-5BE5-4926-ACC7-B729A8C05198}.Debug|Win32.ActiveCfg = Debug|Any CPU
		{9B4A5CF6-5BE5-4926-ACC7-B729A8C05198}.Debug|Win32.Build.0 = Debug|Any CPU
		{9B4A5CF6-5BE5-4926-ACC7-B729A8C05198}.Debug|x64.ActiveCfg = Debug|Any CPU
		{9B4A5CF6-5BE5-4926-ACC7-B729A8C05198}.Debug|x64.Build.0 = Debug|Any CPU
		{9B4A5CF6-5BE5-4926-ACC7-B729A8C05198}.DebugNativeOnly|Any CPU.ActiveCfg = Debug|Any CPU
		{9B4A5CF6-5BE5-4926-ACC7-B729A8C05198}.DebugNativeOnly|Any CPU.Build.0 = Debug|Any CPU
		{9B4A5CF6-5BE5-4926-ACC7-B729A8C05198}.DebugNativeOnly|Mixed Platforms.ActiveCfg = Debug|Any CPU
		{9B4A5CF6-5BE5-4926-ACC7-B729A8C05198}.DebugNativeOnly|Mixed Platforms.Build.0 = Debug|Any CPU
		{9B4A5CF6-5BE5-4926-ACC7-B729A8C05198}.DebugNativeOnly|Win32.ActiveCfg = Debug|Any CPU
		{9B4A5CF6-5BE5-4926-ACC7-B729A8C05198}.DebugNativeOnly|Win32.Build.0 = Debug|Any CPU
		{9B4A5CF6-5BE5-4926-ACC7-B729A8C05198}.DebugNativeOnly|x64.ActiveCfg = Debug|Any CPU
		{9B4A5CF6-5BE5-4926-ACC7-B729A8C05198}.DebugNativeOnly|x64.Build.0 = Debug|Any CPU
		{9B4A5CF6-5BE5-4926-ACC7-B729A8C05198}.Release|Any CPU.ActiveCfg = Release|Any CPU
		{9B4A5CF6-5BE5-4926-ACC7-B729A8C05198}.Release|Any CPU.Build.0 = Release|Any CPU
		{9B4A5CF6-5BE5-4926-ACC7-B729A8C05198}.Release|Mixed Platforms.ActiveCfg = Release|Any CPU
		{9B4A5CF6-5BE5-4926-ACC7-B729A8C05198}.Release|Mixed Platforms.Build.0 = Release|Any CPU
		{9B4A5CF6-5BE5-4926-ACC7-B729A8C05198}.Release|Win32.ActiveCfg = Release|Any CPU
		{9B4A5CF6-5BE5-4926-ACC7-B729A8C05198}.Release|Win32.Build.0 = Release|Any CPU
		{9B4A5CF6-5BE5-4926-ACC7-B729A8C05198}.Release|x64.ActiveCfg = Release|Any CPU
		{9B4A5CF6-5BE5-4926-ACC7-B729A8C05198}.Release|x64.Build.0 = Release|Any CPU
		{9B4A5CF6-5BE5-4926-ACC7-B729A8C05198}.ReleaseNativeOnly|Any CPU.ActiveCfg = Release|Any CPU
		{9B4A5CF6-5BE5-4926-ACC7-B729A8C05198}.ReleaseNativeOnly|Any CPU.Build.0 = Release|Any CPU
		{9B4A5CF6-5BE5-4926-ACC7-B729A8C05198}.ReleaseNativeOnly|Mixed Platforms.ActiveCfg = Release|Any CPU
		{9B4A5CF6-5BE5-4926-ACC7-B729A8C05198}.ReleaseNativeOnly|Mixed Platforms.Build.0 = Release|Any CPU
		{9B4A5CF6-5BE5-4926-ACC7-B729A8C05198}.ReleaseNativeOnly|Win32.ActiveCfg = Release|Any CPU
		{9B4A5CF6-5BE5-4926-ACC7-B729A8C05198}.ReleaseNativeOnly|Win32.Build.0 = Release|Any CPU
		{9B4A5CF6-5BE5-4926-ACC7-B729A8C05198}.ReleaseNativeOnly|x64.ActiveCfg = Release|Any CPU
		{9B4A5CF6-5BE5-4926-ACC7-B729A8C05198}.ReleaseNativeOnly|x64.Build.0 = Release|Any CPU
		{9D3CF7A6-092A-4B05-B0E4-BEF6944525B3}.Debug|Any CPU.ActiveCfg = Debug|Any CPU
		{9D3CF7A6-092A-4B05-B0E4-BEF6944525B3}.Debug|Any CPU.Build.0 = Debug|Any CPU
		{9D3CF7A6-092A-4B05-B0E4-BEF6944525B3}.Debug|Mixed Platforms.ActiveCfg = Debug|Any CPU
		{9D3CF7A6-092A-4B05-B0E4-BEF6944525B3}.Debug|Mixed Platforms.Build.0 = Debug|Any CPU
		{9D3CF7A6-092A-4B05-B0E4-BEF6944525B3}.Debug|Win32.ActiveCfg = Debug|Any CPU
		{9D3CF7A6-092A-4B05-B0E4-BEF6944525B3}.Debug|Win32.Build.0 = Debug|Any CPU
		{9D3CF7A6-092A-4B05-B0E4-BEF6944525B3}.Debug|x64.ActiveCfg = Debug|Any CPU
		{9D3CF7A6-092A-4B05-B0E4-BEF6944525B3}.Debug|x64.Build.0 = Debug|Any CPU
		{9D3CF7A6-092A-4B05-B0E4-BEF6944525B3}.DebugNativeOnly|Any CPU.ActiveCfg = Debug|Any CPU
		{9D3CF7A6-092A-4B05-B0E4-BEF6944525B3}.DebugNativeOnly|Any CPU.Build.0 = Debug|Any CPU
		{9D3CF7A6-092A-4B05-B0E4-BEF6944525B3}.DebugNativeOnly|Mixed Platforms.ActiveCfg = Debug|Any CPU
		{9D3CF7A6-092A-4B05-B0E4-BEF6944525B3}.DebugNativeOnly|Mixed Platforms.Build.0 = Debug|Any CPU
		{9D3CF7A6-092A-4B05-B0E4-BEF6944525B3}.DebugNativeOnly|Win32.ActiveCfg = Debug|Any CPU
		{9D3CF7A6-092A-4B05-B0E4-BEF6944525B3}.DebugNativeOnly|Win32.Build.0 = Debug|Any CPU
		{9D3CF7A6-092A-4B05-B0E4-BEF6944525B3}.DebugNativeOnly|x64.ActiveCfg = Debug|Any CPU
		{9D3CF7A6-092A-4B05-B0E4-BEF6944525B3}.DebugNativeOnly|x64.Build.0 = Debug|Any CPU
		{9D3CF7A6-092A-4B05-B0E4-BEF6944525B3}.Release|Any CPU.ActiveCfg = Release|Any CPU
		{9D3CF7A6-092A-4B05-B0E4-BEF6944525B3}.Release|Any CPU.Build.0 = Release|Any CPU
		{9D3CF7A6-092A-4B05-B0E4-BEF6944525B3}.Release|Mixed Platforms.ActiveCfg = Release|Any CPU
		{9D3CF7A6-092A-4B05-B0E4-BEF6944525B3}.Release|Mixed Platforms.Build.0 = Release|Any CPU
		{9D3CF7A6-092A-4B05-B0E4-BEF6944525B3}.Release|Win32.ActiveCfg = Release|Any CPU
		{9D3CF7A6-092A-4B05-B0E4-BEF6944525B3}.Release|Win32.Build.0 = Release|Any CPU
		{9D3CF7A6-092A-4B05-B0E4-BEF6944525B3}.Release|x64.ActiveCfg = Release|Any CPU
		{9D3CF7A6-092A-4B05-B0E4-BEF6944525B3}.Release|x64.Build.0 = Release|Any CPU
		{9D3CF7A6-092A-4B05-B0E4-BEF6944525B3}.ReleaseNativeOnly|Any CPU.ActiveCfg = Release|Any CPU
		{9D3CF7A6-092A-4B05-B0E4-BEF6944525B3}.ReleaseNativeOnly|Any CPU.Build.0 = Release|Any CPU
		{9D3CF7A6-092A-4B05-B0E4-BEF6944525B3}.ReleaseNativeOnly|Mixed Platforms.ActiveCfg = Release|Any CPU
		{9D3CF7A6-092A-4B05-B0E4-BEF6944525B3}.ReleaseNativeOnly|Mixed Platforms.Build.0 = Release|Any CPU
		{9D3CF7A6-092A-4B05-B0E4-BEF6944525B3}.ReleaseNativeOnly|Win32.ActiveCfg = Release|Any CPU
		{9D3CF7A6-092A-4B05-B0E4-BEF6944525B3}.ReleaseNativeOnly|Win32.Build.0 = Release|Any CPU
		{9D3CF7A6-092A-4B05-B0E4-BEF6944525B3}.ReleaseNativeOnly|x64.ActiveCfg = Release|Any CPU
		{9D3CF7A6-092A-4B05-B0E4-BEF6944525B3}.ReleaseNativeOnly|x64.Build.0 = Release|Any CPU
		{490CBC51-A3B2-4397-89F9-16E858DCB4F8}.Debug|Any CPU.ActiveCfg = Debug|Win32
		{490CBC51-A3B2-4397-89F9-16E858DCB4F8}.Debug|Any CPU.Build.0 = Debug|Win32
		{490CBC51-A3B2-4397-89F9-16E858DCB4F8}.Debug|Mixed Platforms.ActiveCfg = Debug|Win32
		{490CBC51-A3B2-4397-89F9-16E858DCB4F8}.Debug|Mixed Platforms.Build.0 = Debug|Win32
		{490CBC51-A3B2-4397-89F9-16E858DCB4F8}.Debug|Win32.ActiveCfg = Debug|Win32
		{490CBC51-A3B2-4397-89F9-16E858DCB4F8}.Debug|Win32.Build.0 = Debug|Win32
		{490CBC51-A3B2-4397-89F9-16E858DCB4F8}.Debug|x64.ActiveCfg = Debug|x64
		{490CBC51-A3B2-4397-89F9-16E858DCB4F8}.Debug|x64.Build.0 = Debug|x64
		{490CBC51-A3B2-4397-89F9-16E858DCB4F8}.DebugNativeOnly|Any CPU.ActiveCfg = DebugNativeOnly|Win32
		{490CBC51-A3B2-4397-89F9-16E858DCB4F8}.DebugNativeOnly|Any CPU.Build.0 = DebugNativeOnly|Win32
		{490CBC51-A3B2-4397-89F9-16E858DCB4F8}.DebugNativeOnly|Mixed Platforms.ActiveCfg = DebugNativeOnly|Win32
		{490CBC51-A3B2-4397-89F9-16E858DCB4F8}.DebugNativeOnly|Mixed Platforms.Build.0 = DebugNativeOnly|Win32
		{490CBC51-A3B2-4397-89F9-16E858DCB4F8}.DebugNativeOnly|Win32.ActiveCfg = DebugNativeOnly|Win32
		{490CBC51-A3B2-4397-89F9-16E858DCB4F8}.DebugNativeOnly|Win32.Build.0 = DebugNativeOnly|Win32
		{490CBC51-A3B2-4397-89F9-16E858DCB4F8}.DebugNativeOnly|x64.ActiveCfg = DebugNativeOnly|x64
		{490CBC51-A3B2-4397-89F9-16E858DCB4F8}.DebugNativeOnly|x64.Build.0 = DebugNativeOnly|x64
		{490CBC51-A3B2-4397-89F9-16E858DCB4F8}.Release|Any CPU.ActiveCfg = Release|Win32
		{490CBC51-A3B2-4397-89F9-16E858DCB4F8}.Release|Any CPU.Build.0 = Release|Win32
		{490CBC51-A3B2-4397-89F9-16E858DCB4F8}.Release|Mixed Platforms.ActiveCfg = Release|Win32
		{490CBC51-A3B2-4397-89F9-16E858DCB4F8}.Release|Mixed Platforms.Build.0 = Release|Win32
		{490CBC51-A3B2-4397-89F9-16E858DCB4F8}.Release|Win32.ActiveCfg = Release|Win32
		{490CBC51-A3B2-4397-89F9-16E858DCB4F8}.Release|Win32.Build.0 = Release|Win32
		{490CBC51-A3B2-4397-89F9-16E858DCB4F8}.Release|x64.ActiveCfg = Release|x64
		{490CBC51-A3B2-4397-89F9-16E858DCB4F8}.Release|x64.Build.0 = Release|x64
		{490CBC51-A3B2-4397-89F9-16E858DCB4F8}.ReleaseNativeOnly|Any CPU.ActiveCfg = ReleaseNativeOnly|Win32
		{490CBC51-A3B2-4397-89F9-16E858DCB4F8}.ReleaseNativeOnly|Any CPU.Build.0 = ReleaseNativeOnly|Win32
		{490CBC51-A3B2-4397-89F9-16E858DCB4F8}.ReleaseNativeOnly|Mixed Platforms.ActiveCfg = ReleaseNativeOnly|Win32
		{490CBC51-A3B2-4397-89F9-16E858DCB4F8}.ReleaseNativeOnly|Mixed Platforms.Build.0 = ReleaseNativeOnly|Win32
		{490CBC51-A3B2-4397-89F9-16E858DCB4F8}.ReleaseNativeOnly|Win32.ActiveCfg = ReleaseNativeOnly|Win32
		{490CBC51-A3B2-4397-89F9-16E858DCB4F8}.ReleaseNativeOnly|Win32.Build.0 = ReleaseNativeOnly|Win32
		{490CBC51-A3B2-4397-89F9-16E858DCB4F8}.ReleaseNativeOnly|x64.ActiveCfg = ReleaseNativeOnly|x64
		{490CBC51-A3B2-4397-89F9-16E858DCB4F8}.ReleaseNativeOnly|x64.Build.0 = ReleaseNativeOnly|x64
	EndGlobalSection
	GlobalSection(SolutionProperties) = preSolution
		HideSolutionNode = FALSE
	EndGlobalSection
EndGlobal
