
Microsoft Visual Studio Solution File, Format Version 9.00
# Visual C# Express 2005
Project("{FAE04EC0-301F-11D3-BF4B-00C04F79EFBC}") = "SQLiteProvider", "SQLiteProvider.csproj", "{1B7C6ACE-35AA-481C-9CF6-56B702E3E043}"
EndProject
Global
	GlobalSection(SolutionConfigurationPlatforms) = preSolution
		Debug|Any CPU = Debug|Any CPU
		Release|Any CPU = Release|Any CPU
	EndGlobalSection
	GlobalSection(ProjectConfigurationPlatforms) = postSolution
		{1B7C6ACE-35AA-481C-9CF6-56B702E3E043}.Debug|Any CPU.ActiveCfg = Debug|Any CPU
		{1B7C6ACE-35AA-481C-9CF6-56B702E3E043}.Debug|Any CPU.Build.0 = Debug|Any CPU
		{1B7C6ACE-35AA-481C-9CF6-56B702E3E043}.Release|Any CPU.ActiveCfg = Release|Any CPU
		{1B7C6ACE-35AA-481C-9CF6-56B702E3E043}.Release|Any CPU.Build.0 = Release|Any CPU
	EndGlobalSection
	GlobalSection(SolutionProperties) = preSolution
		HideSolutionNode = FALSE
	EndGlobalSection
EndGlobal
